// !$*UTF8*$!
{
	archiveVersion = 1;
	classes = {
	};
	objectVersion = 56;
	objects = {

/* Begin PBXBuildFile section */
		CE12E3322B2FBECD00A214EE /* resnet50App.swift in Sources */ = {isa = PBXBuildFile; fileRef = CE12E3312B2FBECD00A214EE /* resnet50App.swift */; };
		CE12E3342B2FBECD00A214EE /* ContentView.swift in Sources */ = {isa = PBXBuildFile; fileRef = CE12E3332B2FBECD00A214EE /* ContentView.swift */; };
		CE12E3362B2FBECE00A214EE /* Assets.xcassets in Resources */ = {isa = PBXBuildFile; fileRef = CE12E3352B2FBECE00A214EE /* Assets.xcassets */; };
		CE12E3392B2FBECE00A214EE /* Preview Assets.xcassets in Resources */ = {isa = PBXBuildFile; fileRef = CE12E3382B2FBECE00A214EE /* Preview Assets.xcassets */; };
		CE12E3432B2FBECE00A214EE /* resnet50Tests.swift in Sources */ = {isa = PBXBuildFile; fileRef = CE12E3422B2FBECE00A214EE /* resnet50Tests.swift */; };
		CE12E34D2B2FBECE00A214EE /* resnet50UITests.swift in Sources */ = {isa = PBXBuildFile; fileRef = CE12E34C2B2FBECE00A214EE /* resnet50UITests.swift */; };
		CE12E34F2B2FBECE00A214EE /* resnet50UITestsLaunchTests.swift in Sources */ = {isa = PBXBuildFile; fileRef = CE12E34E2B2FBECE00A214EE /* resnet50UITestsLaunchTests.swift */; };
		CEC729DF2B2FD1F4006A92D5 /* Resnet50.mlmodel in Sources */ = {isa = PBXBuildFile; fileRef = CEC729DE2B2FD1F4006A92D5 /* Resnet50.mlmodel */; };
/* End PBXBuildFile section */

/* Begin PBXContainerItemProxy section */
		CE12E33F2B2FBECE00A214EE /* PBXContainerItemProxy */ = {
			isa = PBXContainerItemProxy;
			containerPortal = CE12E3262B2FBECD00A214EE /* Project object */;
			proxyType = 1;
			remoteGlobalIDString = CE12E32D2B2FBECD00A214EE;
			remoteInfo = resnet50;
		};
		CE12E3492B2FBECE00A214EE /* PBXContainerItemProxy */ = {
			isa = PBXContainerItemProxy;
			containerPortal = CE12E3262B2FBECD00A214EE /* Project object */;
			proxyType = 1;
			remoteGlobalIDString = CE12E32D2B2FBECD00A214EE;
			remoteInfo = resnet50;
		};
/* End PBXContainerItemProxy section */

/* Begin PBXFileReference section */
		CE12E32E2B2FBECD00A214EE /* resnet50.app */ = {isa = PBXFileReference; explicitFileType = wrapper.application; includeInIndex = 0; path = resnet50.app; sourceTree = BUILT_PRODUCTS_DIR; };
		CE12E3312B2FBECD00A214EE /* resnet50App.swift */ = {isa = PBXFileReference; lastKnownFileType = sourcecode.swift; path = resnet50App.swift; sourceTree = "<group>"; };
		CE12E3332B2FBECD00A214EE /* ContentView.swift */ = {isa = PBXFileReference; lastKnownFileType = sourcecode.swift; path = ContentView.swift; sourceTree = "<group>"; };
		CE12E3352B2FBECE00A214EE /* Assets.xcassets */ = {isa = PBXFileReference; lastKnownFileType = folder.assetcatalog; path = Assets.xcassets; sourceTree = "<group>"; };
		CE12E3382B2FBECE00A214EE /* Preview Assets.xcassets */ = {isa = PBXFileReference; lastKnownFileType = folder.assetcatalog; path = "Preview Assets.xcassets"; sourceTree = "<group>"; };
		CE12E33E2B2FBECE00A214EE /* resnet50Tests.xctest */ = {isa = PBXFileReference; explicitFileType = wrapper.cfbundle; includeInIndex = 0; path = resnet50Tests.xctest; sourceTree = BUILT_PRODUCTS_DIR; };
		CE12E3422B2FBECE00A214EE /* resnet50Tests.swift */ = {isa = PBXFileReference; lastKnownFileType = sourcecode.swift; path = resnet50Tests.swift; sourceTree = "<group>"; };
		CE12E3482B2FBECE00A214EE /* resnet50UITests.xctest */ = {isa = PBXFileReference; explicitFileType = wrapper.cfbundle; includeInIndex = 0; path = resnet50UITests.xctest; sourceTree = BUILT_PRODUCTS_DIR; };
		CE12E34C2B2FBECE00A214EE /* resnet50UITests.swift */ = {isa = PBXFileReference; lastKnownFileType = sourcecode.swift; path = resnet50UITests.swift; sourceTree = "<group>"; };
		CE12E34E2B2FBECE00A214EE /* resnet50UITestsLaunchTests.swift */ = {isa = PBXFileReference; lastKnownFileType = sourcecode.swift; path = resnet50UITestsLaunchTests.swift; sourceTree = "<group>"; };
		CEC729DE2B2FD1F4006A92D5 /* Resnet50.mlmodel */ = {isa = PBXFileReference; lastKnownFileType = file.mlmodel; name = Resnet50.mlmodel; path = ../../../../../../../../Desktop/swift_coreML/Resnet50.mlmodel; sourceTree = "<group>"; };
/* End PBXFileReference section */

/* Begin PBXFrameworksBuildPhase section */
		CE12E32B2B2FBECD00A214EE /* Frameworks */ = {
			isa = PBXFrameworksBuildPhase;
			buildActionMask = 2147483647;
			files = (
			);
			runOnlyForDeploymentPostprocessing = 0;
		};
		CE12E33B2B2FBECE00A214EE /* Frameworks */ = {
			isa = PBXFrameworksBuildPhase;
			buildActionMask = 2147483647;
			files = (
			);
			runOnlyForDeploymentPostprocessing = 0;
		};
		CE12E3452B2FBECE00A214EE /* Frameworks */ = {
			isa = PBXFrameworksBuildPhase;
			buildActionMask = 2147483647;
			files = (
			);
			runOnlyForDeploymentPostprocessing = 0;
		};
/* End PBXFrameworksBuildPhase section */

/* Begin PBXGroup section */
		CE12E3252B2FBECD00A214EE = {
			isa = PBXGroup;
			children = (
				CE12E3302B2FBECD00A214EE /* resnet50 */,
				CE12E3412B2FBECE00A214EE /* resnet50Tests */,
				CE12E34B2B2FBECE00A214EE /* resnet50UITests */,
				CE12E32F2B2FBECD00A214EE /* Products */,
			);
			sourceTree = "<group>";
		};
		CE12E32F2B2FBECD00A214EE /* Products */ = {
			isa = PBXGroup;
			children = (
				CE12E32E2B2FBECD00A214EE /* resnet50.app */,
				CE12E33E2B2FBECE00A214EE /* resnet50Tests.xctest */,
				CE12E3482B2FBECE00A214EE /* resnet50UITests.xctest */,
			);
			name = Products;
			sourceTree = "<group>";
		};
		CE12E3302B2FBECD00A214EE /* resnet50 */ = {
			isa = PBXGroup;
			children = (
				CE12E3312B2FBECD00A214EE /* resnet50App.swift */,
				CE12E3332B2FBECD00A214EE /* ContentView.swift */,
				CEC729DE2B2FD1F4006A92D5 /* Resnet50.mlmodel */,
				CE12E3352B2FBECE00A214EE /* Assets.xcassets */,
				CE12E3372B2FBECE00A214EE /* Preview Content */,
			);
			path = resnet50;
			sourceTree = "<group>";
		};
		CE12E3372B2FBECE00A214EE /* Preview Content */ = {
			isa = PBXGroup;
			children = (
				CE12E3382B2FBECE00A214EE /* Preview Assets.xcassets */,
			);
			path = "Preview Content";
			sourceTree = "<group>";
		};
		CE12E3412B2FBECE00A214EE /* resnet50Tests */ = {
			isa = PBXGroup;
			children = (
				CE12E3422B2FBECE00A214EE /* resnet50Tests.swift */,
			);
			path = resnet50Tests;
			sourceTree = "<group>";
		};
		CE12E34B2B2FBECE00A214EE /* resnet50UITests */ = {
			isa = PBXGroup;
			children = (
				CE12E34C2B2FBECE00A214EE /* resnet50UITests.swift */,
				CE12E34E2B2FBECE00A214EE /* resnet50UITestsLaunchTests.swift */,
			);
			path = resnet50UITests;
			sourceTree = "<group>";
		};
/* End PBXGroup section */

/* Begin PBXNativeTarget section */
		CE12E32D2B2FBECD00A214EE /* resnet50 */ = {
			isa = PBXNativeTarget;
			buildConfigurationList = CE12E3522B2FBECE00A214EE /* Build configuration list for PBXNativeTarget "resnet50" */;
			buildPhases = (
				CE12E32A2B2FBECD00A214EE /* Sources */,
				CE12E32B2B2FBECD00A214EE /* Frameworks */,
				CE12E32C2B2FBECD00A214EE /* Resources */,
			);
			buildRules = (
			);
			dependencies = (
			);
			name = resnet50;
			productName = resnet50;
			productReference = CE12E32E2B2FBECD00A214EE /* resnet50.app */;
			productType = "com.apple.product-type.application";
		};
		CE12E33D2B2FBECE00A214EE /* resnet50Tests */ = {
			isa = PBXNativeTarget;
			buildConfigurationList = CE12E3552B2FBECE00A214EE /* Build configuration list for PBXNativeTarget "resnet50Tests" */;
			buildPhases = (
				CE12E33A2B2FBECE00A214EE /* Sources */,
				CE12E33B2B2FBECE00A214EE /* Frameworks */,
				CE12E33C2B2FBECE00A214EE /* Resources */,
			);
			buildRules = (
			);
			dependencies = (
				CE12E3402B2FBECE00A214EE /* PBXTargetDependency */,
			);
			name = resnet50Tests;
			productName = resnet50Tests;
			productReference = CE12E33E2B2FBECE00A214EE /* resnet50Tests.xctest */;
			productType = "com.apple.product-type.bundle.unit-test";
		};
		CE12E3472B2FBECE00A214EE /* resnet50UITests */ = {
			isa = PBXNativeTarget;
			buildConfigurationList = CE12E3582B2FBECE00A214EE /* Build configuration list for PBXNativeTarget "resnet50UITests" */;
			buildPhases = (
				CE12E3442B2FBECE00A214EE /* Sources */,
				CE12E3452B2FBECE00A214EE /* Frameworks */,
				CE12E3462B2FBECE00A214EE /* Resources */,
			);
			buildRules = (
			);
			dependencies = (
				CE12E34A2B2FBECE00A214EE /* PBXTargetDependency */,
			);
			name = resnet50UITests;
			productName = resnet50UITests;
			productReference = CE12E3482B2FBECE00A214EE /* resnet50UITests.xctest */;
			productType = "com.apple.product-type.bundle.ui-testing";
		};
/* End PBXNativeTarget section */

/* Begin PBXProject section */
		CE12E3262B2FBECD00A214EE /* Project object */ = {
			isa = PBXProject;
			attributes = {
				BuildIndependentTargetsInParallel = 1;
				LastSwiftUpdateCheck = 1500;
				LastUpgradeCheck = 1500;
				TargetAttributes = {
					CE12E32D2B2FBECD00A214EE = {
						CreatedOnToolsVersion = 15.0.1;
					};
					CE12E33D2B2FBECE00A214EE = {
						CreatedOnToolsVersion = 15.0.1;
						TestTargetID = CE12E32D2B2FBECD00A214EE;
					};
					CE12E3472B2FBECE00A214EE = {
						CreatedOnToolsVersion = 15.0.1;
						TestTargetID = CE12E32D2B2FBECD00A214EE;
					};
				};
			};
			buildConfigurationList = CE12E3292B2FBECD00A214EE /* Build configuration list for PBXProject "resnet50" */;
			compatibilityVersion = "Xcode 14.0";
			developmentRegion = en;
			hasScannedForEncodings = 0;
			knownRegions = (
				en,
				Base,
			);
			mainGroup = CE12E3252B2FBECD00A214EE;
			productRefGroup = CE12E32F2B2FBECD00A214EE /* Products */;
			projectDirPath = "";
			projectRoot = "";
			targets = (
				CE12E32D2B2FBECD00A214EE /* resnet50 */,
				CE12E33D2B2FBECE00A214EE /* resnet50Tests */,
				CE12E3472B2FBECE00A214EE /* resnet50UITests */,
			);
		};
/* End PBXProject section */

/* Begin PBXResourcesBuildPhase section */
		CE12E32C2B2FBECD00A214EE /* Resources */ = {
			isa = PBXResourcesBuildPhase;
			buildActionMask = 2147483647;
			files = (
				CE12E3392B2FBECE00A214EE /* Preview Assets.xcassets in Resources */,
				CE12E3362B2FBECE00A214EE /* Assets.xcassets in Resources */,
			);
			runOnlyForDeploymentPostprocessing = 0;
		};
		CE12E33C2B2FBECE00A214EE /* Resources */ = {
			isa = PBXResourcesBuildPhase;
			buildActionMask = 2147483647;
			files = (
			);
			runOnlyForDeploymentPostprocessing = 0;
		};
		CE12E3462B2FBECE00A214EE /* Resources */ = {
			isa = PBXResourcesBuildPhase;
			buildActionMask = 2147483647;
			files = (
			);
			runOnlyForDeploymentPostprocessing = 0;
		};
/* End PBXResourcesBuildPhase section */

/* Begin PBXSourcesBuildPhase section */
		CE12E32A2B2FBECD00A214EE /* Sources */ = {
			isa = PBXSourcesBuildPhase;
			buildActionMask = 2147483647;
			files = (
				CE12E3342B2FBECD00A214EE /* ContentView.swift in Sources */,
				CEC729DF2B2FD1F4006A92D5 /* Resnet50.mlmodel in Sources */,
				CE12E3322B2FBECD00A214EE /* resnet50App.swift in Sources */,
			);
			runOnlyForDeploymentPostprocessing = 0;
		};
		CE12E33A2B2FBECE00A214EE /* Sources */ = {
			isa = PBXSourcesBuildPhase;
			buildActionMask = 2147483647;
			files = (
				CE12E3432B2FBECE00A214EE /* resnet50Tests.swift in Sources */,
			);
			runOnlyForDeploymentPostprocessing = 0;
		};
		CE12E3442B2FBECE00A214EE /* Sources */ = {
			isa = PBXSourcesBuildPhase;
			buildActionMask = 2147483647;
			files = (
				CE12E34F2B2FBECE00A214EE /* resnet50UITestsLaunchTests.swift in Sources */,
				CE12E34D2B2FBECE00A214EE /* resnet50UITests.swift in Sources */,
			);
			runOnlyForDeploymentPostprocessing = 0;
		};
/* End PBXSourcesBuildPhase section */

/* Begin PBXTargetDependency section */
		CE12E3402B2FBECE00A214EE /* PBXTargetDependency */ = {
			isa = PBXTargetDependency;
			target = CE12E32D2B2FBECD00A214EE /* resnet50 */;
			targetProxy = CE12E33F2B2FBECE00A214EE /* PBXContainerItemProxy */;
		};
		CE12E34A2B2FBECE00A214EE /* PBXTargetDependency */ = {
			isa = PBXTargetDependency;
			target = CE12E32D2B2FBECD00A214EE /* resnet50 */;
			targetProxy = CE12E3492B2FBECE00A214EE /* PBXContainerItemProxy */;
		};
/* End PBXTargetDependency section */

/* Begin XCBuildConfiguration section */
		CE12E3502B2FBECE00A214EE /* Debug */ = {
			isa = XCBuildConfiguration;
			buildSettings = {
				ALWAYS_SEARCH_USER_PATHS = NO;
				ASSETCATALOG_COMPILER_GENERATE_SWIFT_ASSET_SYMBOL_EXTENSIONS = YES;
				CLANG_ANALYZER_NONNULL = YES;
				CLANG_ANALYZER_NUMBER_OBJECT_CONVERSION = YES_AGGRESSIVE;
				CLANG_CXX_LANGUAGE_STANDARD = "gnu++20";
				CLANG_ENABLE_MODULES = YES;
				CLANG_ENABLE_OBJC_ARC = YES;
				CLANG_ENABLE_OBJC_WEAK = YES;
				CLANG_WARN_BLOCK_CAPTURE_AUTORELEASING = YES;
				CLANG_WARN_BOOL_CONVERSION = YES;
				CLANG_WARN_COMMA = YES;
				CLANG_WARN_CONSTANT_CONVERSION = YES;
				CLANG_WARN_DEPRECATED_OBJC_IMPLEMENTATIONS = YES;
				CLANG_WARN_DIRECT_OBJC_ISA_USAGE = YES_ERROR;
				CLANG_WARN_DOCUMENTATION_COMMENTS = YES;
				CLANG_WARN_EMPTY_BODY = YES;
				CLANG_WARN_ENUM_CONVERSION = YES;
				CLANG_WARN_INFINITE_RECURSION = YES;
				CLANG_WARN_INT_CONVERSION = YES;
				CLANG_WARN_NON_LITERAL_NULL_CONVERSION = YES;
				CLANG_WARN_OBJC_IMPLICIT_RETAIN_SELF = YES;
				CLANG_WARN_OBJC_LITERAL_CONVERSION = YES;
				CLANG_WARN_OBJC_ROOT_CLASS = YES_ERROR;
				CLANG_WARN_QUOTED_INCLUDE_IN_FRAMEWORK_HEADER = YES;
				CLANG_WARN_RANGE_LOOP_ANALYSIS = YES;
				CLANG_WARN_STRICT_PROTOTYPES = YES;
				CLANG_WARN_SUSPICIOUS_MOVE = YES;
				CLANG_WARN_UNGUARDED_AVAILABILITY = YES_AGGRESSIVE;
				CLANG_WARN_UNREACHABLE_CODE = YES;
				CLANG_WARN__DUPLICATE_METHOD_MATCH = YES;
				COPY_PHASE_STRIP = NO;
				DEBUG_INFORMATION_FORMAT = dwarf;
				ENABLE_STRICT_OBJC_MSGSEND = YES;
				ENABLE_TESTABILITY = YES;
				ENABLE_USER_SCRIPT_SANDBOXING = YES;
				GCC_C_LANGUAGE_STANDARD = gnu17;
				GCC_DYNAMIC_NO_PIC = NO;
				GCC_NO_COMMON_BLOCKS = YES;
				GCC_OPTIMIZATION_LEVEL = 0;
				GCC_PREPROCESSOR_DEFINITIONS = (
					"DEBUG=1",
					"$(inherited)",
				);
				GCC_WARN_64_TO_32_BIT_CONVERSION = YES;
				GCC_WARN_ABOUT_RETURN_TYPE = YES_ERROR;
				GCC_WARN_UNDECLARED_SELECTOR = YES;
				GCC_WARN_UNINITIALIZED_AUTOS = YES_AGGRESSIVE;
				GCC_WARN_UNUSED_FUNCTION = YES;
				GCC_WARN_UNUSED_VARIABLE = YES;
				IPHONEOS_DEPLOYMENT_TARGET = 17.0;
				LOCALIZATION_PREFERS_STRING_CATALOGS = YES;
				MTL_ENABLE_DEBUG_INFO = INCLUDE_SOURCE;
				MTL_FAST_MATH = YES;
				ONLY_ACTIVE_ARCH = YES;
				SDKROOT = iphoneos;
				SWIFT_ACTIVE_COMPILATION_CONDITIONS = "DEBUG $(inherited)";
				SWIFT_OPTIMIZATION_LEVEL = "-Onone";
			};
			name = Debug;
		};
		CE12E3512B2FBECE00A214EE /* Release */ = {
			isa = XCBuildConfiguration;
			buildSettings = {
				ALWAYS_SEARCH_USER_PATHS = NO;
				ASSETCATALOG_COMPILER_GENERATE_SWIFT_ASSET_SYMBOL_EXTENSIONS = YES;
				CLANG_ANALYZER_NONNULL = YES;
				CLANG_ANALYZER_NUMBER_OBJECT_CONVERSION = YES_AGGRESSIVE;
				CLANG_CXX_LANGUAGE_STANDARD = "gnu++20";
				CLANG_ENABLE_MODULES = YES;
				CLANG_ENABLE_OBJC_ARC = YES;
				CLANG_ENABLE_OBJC_WEAK = YES;
				CLANG_WARN_BLOCK_CAPTURE_AUTORELEASING = YES;
				CLANG_WARN_BOOL_CONVERSION = YES;
				CLANG_WARN_COMMA = YES;
				CLANG_WARN_CONSTANT_CONVERSION = YES;
				CLANG_WARN_DEPRECATED_OBJC_IMPLEMENTATIONS = YES;
				CLANG_WARN_DIRECT_OBJC_ISA_USAGE = YES_ERROR;
				CLANG_WARN_DOCUMENTATION_COMMENTS = YES;
				CLANG_WARN_EMPTY_BODY = YES;
				CLANG_WARN_ENUM_CONVERSION = YES;
				CLANG_WARN_INFINITE_RECURSION = YES;
				CLANG_WARN_INT_CONVERSION = YES;
				CLANG_WARN_NON_LITERAL_NULL_CONVERSION = YES;
				CLANG_WARN_OBJC_IMPLICIT_RETAIN_SELF = YES;
				CLANG_WARN_OBJC_LITERAL_CONVERSION = YES;
				CLANG_WARN_OBJC_ROOT_CLASS = YES_ERROR;
				CLANG_WARN_QUOTED_INCLUDE_IN_FRAMEWORK_HEADER = YES;
				CLANG_WARN_RANGE_LOOP_ANALYSIS = YES;
				CLANG_WARN_STRICT_PROTOTYPES = YES;
				CLANG_WARN_SUSPICIOUS_MOVE = YES;
				CLANG_WARN_UNGUARDED_AVAILABILITY = YES_AGGRESSIVE;
				CLANG_WARN_UNREACHABLE_CODE = YES;
				CLANG_WARN__DUPLICATE_METHOD_MATCH = YES;
				COPY_PHASE_STRIP = NO;
				DEBUG_INFORMATION_FORMAT = "dwarf-with-dsym";
				ENABLE_NS_ASSERTIONS = NO;
				ENABLE_STRICT_OBJC_MSGSEND = YES;
				ENABLE_USER_SCRIPT_SANDBOXING = YES;
				GCC_C_LANGUAGE_STANDARD = gnu17;
				GCC_NO_COMMON_BLOCKS = YES;
				GCC_WARN_64_TO_32_BIT_CONVERSION = YES;
				GCC_WARN_ABOUT_RETURN_TYPE = YES_ERROR;
				GCC_WARN_UNDECLARED_SELECTOR = YES;
				GCC_WARN_UNINITIALIZED_AUTOS = YES_AGGRESSIVE;
				GCC_WARN_UNUSED_FUNCTION = YES;
				GCC_WARN_UNUSED_VARIABLE = YES;
				IPHONEOS_DEPLOYMENT_TARGET = 17.0;
				LOCALIZATION_PREFERS_STRING_CATALOGS = YES;
				MTL_ENABLE_DEBUG_INFO = NO;
				MTL_FAST_MATH = YES;
				SDKROOT = iphoneos;
				SWIFT_COMPILATION_MODE = wholemodule;
				VALIDATE_PRODUCT = YES;
			};
			name = Release;
		};
		CE12E3532B2FBECE00A214EE /* Debug */ = {
			isa = XCBuildConfiguration;
			buildSettings = {
				ASSETCATALOG_COMPILER_APPICON_NAME = AppIcon;
				ASSETCATALOG_COMPILER_GLOBAL_ACCENT_COLOR_NAME = AccentColor;
				CODE_SIGN_STYLE = Automatic;
				CURRENT_PROJECT_VERSION = 1;
				DEVELOPMENT_ASSET_PATHS = "\"resnet50/Preview Content\"";
				ENABLE_PREVIEWS = YES;
				GENERATE_INFOPLIST_FILE = YES;
				INFOPLIST_KEY_UIApplicationSceneManifest_Generation = YES;
				INFOPLIST_KEY_UIApplicationSupportsIndirectInputEvents = YES;
				INFOPLIST_KEY_UILaunchScreen_Generation = YES;
				INFOPLIST_KEY_UISupportedInterfaceOrientations_iPad = "UIInterfaceOrientationPortrait UIInterfaceOrientationPortraitUpsideDown UIInterfaceOrientationLandscapeLeft UIInterfaceOrientationLandscapeRight";
				INFOPLIST_KEY_UISupportedInterfaceOrientations_iPhone = "UIInterfaceOrientationPortrait UIInterfaceOrientationLandscapeLeft UIInterfaceOrientationLandscapeRight";
				LD_RUNPATH_SEARCH_PATHS = (
					"$(inherited)",
					"@executable_path/Frameworks",
				);
				MARKETING_VERSION = 1.0;
				PRODUCT_BUNDLE_IDENTIFIER = test.resnet50;
				PRODUCT_NAME = "$(TARGET_NAME)";
				SWIFT_EMIT_LOC_STRINGS = YES;
				SWIFT_VERSION = 5.0;
				TARGETED_DEVICE_FAMILY = "1,2";
			};
			name = Debug;
		};
		CE12E3542B2FBECE00A214EE /* Release */ = {
			isa = XCBuildConfiguration;
			buildSettings = {
				ASSETCATALOG_COMPILER_APPICON_NAME = AppIcon;
				ASSETCATALOG_COMPILER_GLOBAL_ACCENT_COLOR_NAME = AccentColor;
				CODE_SIGN_STYLE = Automatic;
				CURRENT_PROJECT_VERSION = 1;
				DEVELOPMENT_ASSET_PATHS = "\"resnet50/Preview Content\"";
				ENABLE_PREVIEWS = YES;
				GENERATE_INFOPLIST_FILE = YES;
				INFOPLIST_KEY_UIApplicationSceneManifest_Generation = YES;
				INFOPLIST_KEY_UIApplicationSupportsIndirectInputEvents = YES;
				INFOPLIST_KEY_UILaunchScreen_Generation = YES;
				INFOPLIST_KEY_UISupportedInterfaceOrientations_iPad = "UIInterfaceOrientationPortrait UIInterfaceOrientationPortraitUpsideDown UIInterfaceOrientationLandscapeLeft UIInterfaceOrientationLandscapeRight";
				INFOPLIST_KEY_UISupportedInterfaceOrientations_iPhone = "UIInterfaceOrientationPortrait UIInterfaceOrientationLandscapeLeft UIInterfaceOrientationLandscapeRight";
				LD_RUNPATH_SEARCH_PATHS = (
					"$(inherited)",
					"@executable_path/Frameworks",
				);
				MARKETING_VERSION = 1.0;
				PRODUCT_BUNDLE_IDENTIFIER = test.resnet50;
				PRODUCT_NAME = "$(TARGET_NAME)";
				SWIFT_EMIT_LOC_STRINGS = YES;
				SWIFT_VERSION = 5.0;
				TARGETED_DEVICE_FAMILY = "1,2";
			};
			name = Release;
		};
		CE12E3562B2FBECE00A214EE /* Debug */ = {
			isa = XCBuildConfiguration;
			buildSettings = {
				ALWAYS_EMBED_SWIFT_STANDARD_LIBRARIES = YES;
				BUNDLE_LOADER = "$(TEST_HOST)";
				CODE_SIGN_STYLE = Automatic;
				CURRENT_PROJECT_VERSION = 1;
				GENERATE_INFOPLIST_FILE = YES;
				IPHONEOS_DEPLOYMENT_TARGET = 17.0;
				MARKETING_VERSION = 1.0;
				PRODUCT_BUNDLE_IDENTIFIER = test.resnet50Tests;
				PRODUCT_NAME = "$(TARGET_NAME)";
				SWIFT_EMIT_LOC_STRINGS = NO;
				SWIFT_VERSION = 5.0;
				TARGETED_DEVICE_FAMILY = "1,2";
				TEST_HOST = "$(BUILT_PRODUCTS_DIR)/resnet50.app/$(BUNDLE_EXECUTABLE_FOLDER_PATH)/resnet50";
			};
			name = Debug;
		};
		CE12E3572B2FBECE00A214EE /* Release */ = {
			isa = XCBuildConfiguration;
			buildSettings = {
				ALWAYS_EMBED_SWIFT_STANDARD_LIBRARIES = YES;
				BUNDLE_LOADER = "$(TEST_HOST)";
				CODE_SIGN_STYLE = Automatic;
				CURRENT_PROJECT_VERSION = 1;
				GENERATE_INFOPLIST_FILE = YES;
				IPHONEOS_DEPLOYMENT_TARGET = 17.0;
				MARKETING_VERSION = 1.0;
				PRODUCT_BUNDLE_IDENTIFIER = test.resnet50Tests;
				PRODUCT_NAME = "$(TARGET_NAME)";
				SWIFT_EMIT_LOC_STRINGS = NO;
				SWIFT_VERSION = 5.0;
				TARGETED_DEVICE_FAMILY = "1,2";
				TEST_HOST = "$(BUILT_PRODUCTS_DIR)/resnet50.app/$(BUNDLE_EXECUTABLE_FOLDER_PATH)/resnet50";
			};
			name = Release;
		};
		CE12E3592B2FBECE00A214EE /* Debug */ = {
			isa = XCBuildConfiguration;
			buildSettings = {
				ALWAYS_EMBED_SWIFT_STANDARD_LIBRARIES = YES;
				CODE_SIGN_STYLE = Automatic;
				CURRENT_PROJECT_VERSION = 1;
				GENERATE_INFOPLIST_FILE = YES;
				MARKETING_VERSION = 1.0;
				PRODUCT_BUNDLE_IDENTIFIER = test.resnet50UITests;
				PRODUCT_NAME = "$(TARGET_NAME)";
				SWIFT_EMIT_LOC_STRINGS = NO;
				SWIFT_VERSION = 5.0;
				TARGETED_DEVICE_FAMILY = "1,2";
				TEST_TARGET_NAME = resnet50;
			};
			name = Debug;
		};
		CE12E35A2B2FBECE00A214EE /* Release */ = {
			isa = XCBuildConfiguration;
			buildSettings = {
				ALWAYS_EMBED_SWIFT_STANDARD_LIBRARIES = YES;
				CODE_SIGN_STYLE = Automatic;
				CURRENT_PROJECT_VERSION = 1;
				GENERATE_INFOPLIST_FILE = YES;
				MARKETING_VERSION = 1.0;
				PRODUCT_BUNDLE_IDENTIFIER = test.resnet50UITests;
				PRODUCT_NAME = "$(TARGET_NAME)";
				SWIFT_EMIT_LOC_STRINGS = NO;
				SWIFT_VERSION = 5.0;
				TARGETED_DEVICE_FAMILY = "1,2";
				TEST_TARGET_NAME = resnet50;
			};
			name = Release;
		};
/* End XCBuildConfiguration section */

/* Begin XCConfigurationList section */
		CE12E3292B2FBECD00A214EE /* Build configuration list for PBXProject "resnet50" */ = {
			isa = XCConfigurationList;
			buildConfigurations = (
				CE12E3502B2FBECE00A214EE /* Debug */,
				CE12E3512B2FBECE00A214EE /* Release */,
			);
			defaultConfigurationIsVisible = 0;
			defaultConfigurationName = Release;
		};
		CE12E3522B2FBECE00A214EE /* Build configuration list for PBXNativeTarget "resnet50" */ = {
			isa = XCConfigurationList;
			buildConfigurations = (
				CE12E3532B2FBECE00A214EE /* Debug */,
				CE12E3542B2FBECE00A214EE /* Release */,
			);
			defaultConfigurationIsVisible = 0;
			defaultConfigurationName = Release;
		};
		CE12E3552B2FBECE00A214EE /* Build configuration list for PBXNativeTarget "resnet50Tests" */ = {
			isa = XCConfigurationList;
			buildConfigurations = (
				CE12E3562B2FBECE00A214EE /* Debug */,
				CE12E3572B2FBECE00A214EE /* Release */,
			);
			defaultConfigurationIsVisible = 0;
			defaultConfigurationName = Release;
		};
		CE12E3582B2FBECE00A214EE /* Build configuration list for PBXNativeTarget "resnet50UITests" */ = {
			isa = XCConfigurationList;
			buildConfigurations = (
				CE12E3592B2FBECE00A214EE /* Debug */,
				CE12E35A2B2FBECE00A214EE /* Release */,
			);
			defaultConfigurationIsVisible = 0;
			defaultConfigurationName = Release;
		};
/* End XCConfigurationList section */
	};
	rootObject = CE12E3262B2FBECD00A214EE /* Project object */;
}
