// !$*UTF8*$!
{
	archiveVersion = 1;
	classes = {
	};
	objectVersion = 56;
	objects = {

/* Begin PBXBuildFile section */
		CE12E1422B2EEAF000A214EE /* test8App.swift in Sources */ = {isa = PBXBuildFile; fileRef = CE12E1412B2EEAF000A214EE /* test8App.swift */; };
		CE12E1442B2EEAF000A214EE /* ContentView.swift in Sources */ = {isa = PBXBuildFile; fileRef = CE12E1432B2EEAF000A214EE /* ContentView.swift */; };
		CE12E1462B2EEAF200A214EE /* Assets.xcassets in Resources */ = {isa = PBXBuildFile; fileRef = CE12E1452B2EEAF200A214EE /* Assets.xcassets */; };
		CE12E1492B2EEAF200A214EE /* Preview Assets.xcassets in Resources */ = {isa = PBXBuildFile; fileRef = CE12E1482B2EEAF200A214EE /* Preview Assets.xcassets */; };
		CE12E1532B2EEAF200A214EE /* test8Tests.swift in Sources */ = {isa = PBXBuildFile; fileRef = CE12E1522B2EEAF200A214EE /* test8Tests.swift */; };
		CE12E15D2B2EEAF200A214EE /* test8UITests.swift in Sources */ = {isa = PBXBuildFile; fileRef = CE12E15C2B2EEAF200A214EE /* test8UITests.swift */; };
		CE12E15F2B2EEAF200A214EE /* test8UITestsLaunchTests.swift in Sources */ = {isa = PBXBuildFile; fileRef = CE12E15E2B2EEAF200A214EE /* test8UITestsLaunchTests.swift */; };
/* End PBXBuildFile section */

/* Begin PBXContainerItemProxy section */
		CE12E14F2B2EEAF200A214EE /* PBXContainerItemProxy */ = {
			isa = PBXContainerItemProxy;
			containerPortal = CE12E1362B2EEAF000A214EE /* Project object */;
			proxyType = 1;
			remoteGlobalIDString = CE12E13D2B2EEAF000A214EE;
			remoteInfo = test8;
		};
		CE12E1592B2EEAF200A214EE /* PBXContainerItemProxy */ = {
			isa = PBXContainerItemProxy;
			containerPortal = CE12E1362B2EEAF000A214EE /* Project object */;
			proxyType = 1;
			remoteGlobalIDString = CE12E13D2B2EEAF000A214EE;
			remoteInfo = test8;
		};
/* End PBXContainerItemProxy section */

/* Begin PBXFileReference section */
		CE12E13E2B2EEAF000A214EE /* test8.app */ = {isa = PBXFileReference; explicitFileType = wrapper.application; includeInIndex = 0; path = test8.app; sourceTree = BUILT_PRODUCTS_DIR; };
		CE12E1412B2EEAF000A214EE /* test8App.swift */ = {isa = PBXFileReference; lastKnownFileType = sourcecode.swift; path = test8App.swift; sourceTree = "<group>"; };
		CE12E1432B2EEAF000A214EE /* ContentView.swift */ = {isa = PBXFileReference; lastKnownFileType = sourcecode.swift; path = ContentView.swift; sourceTree = "<group>"; };
		CE12E1452B2EEAF200A214EE /* Assets.xcassets */ = {isa = PBXFileReference; lastKnownFileType = folder.assetcatalog; path = Assets.xcassets; sourceTree = "<group>"; };
		CE12E1482B2EEAF200A214EE /* Preview Assets.xcassets */ = {isa = PBXFileReference; lastKnownFileType = folder.assetcatalog; path = "Preview Assets.xcassets"; sourceTree = "<group>"; };
		CE12E14E2B2EEAF200A214EE /* test8Tests.xctest */ = {isa = PBXFileReference; explicitFileType = wrapper.cfbundle; includeInIndex = 0; path = test8Tests.xctest; sourceTree = BUILT_PRODUCTS_DIR; };
		CE12E1522B2EEAF200A214EE /* test8Tests.swift */ = {isa = PBXFileReference; lastKnownFileType = sourcecode.swift; path = test8Tests.swift; sourceTree = "<group>"; };
		CE12E1582B2EEAF200A214EE /* test8UITests.xctest */ = {isa = PBXFileReference; explicitFileType = wrapper.cfbundle; includeInIndex = 0; path = test8UITests.xctest; sourceTree = BUILT_PRODUCTS_DIR; };
		CE12E15C2B2EEAF200A214EE /* test8UITests.swift */ = {isa = PBXFileReference; lastKnownFileType = sourcecode.swift; path = test8UITests.swift; sourceTree = "<group>"; };
		CE12E15E2B2EEAF200A214EE /* test8UITestsLaunchTests.swift */ = {isa = PBXFileReference; lastKnownFileType = sourcecode.swift; path = test8UITestsLaunchTests.swift; sourceTree = "<group>"; };
/* End PBXFileReference section */

/* Begin PBXFrameworksBuildPhase section */
		CE12E13B2B2EEAF000A214EE /* Frameworks */ = {
			isa = PBXFrameworksBuildPhase;
			buildActionMask = 2147483647;
			files = (
			);
			runOnlyForDeploymentPostprocessing = 0;
		};
		CE12E14B2B2EEAF200A214EE /* Frameworks */ = {
			isa = PBXFrameworksBuildPhase;
			buildActionMask = 2147483647;
			files = (
			);
			runOnlyForDeploymentPostprocessing = 0;
		};
		CE12E1552B2EEAF200A214EE /* Frameworks */ = {
			isa = PBXFrameworksBuildPhase;
			buildActionMask = 2147483647;
			files = (
			);
			runOnlyForDeploymentPostprocessing = 0;
		};
/* End PBXFrameworksBuildPhase section */

/* Begin PBXGroup section */
		CE12E1352B2EEAF000A214EE = {
			isa = PBXGroup;
			children = (
				CE12E1402B2EEAF000A214EE /* test8 */,
				CE12E1512B2EEAF200A214EE /* test8Tests */,
				CE12E15B2B2EEAF200A214EE /* test8UITests */,
				CE12E13F2B2EEAF000A214EE /* Products */,
			);
			sourceTree = "<group>";
		};
		CE12E13F2B2EEAF000A214EE /* Products */ = {
			isa = PBXGroup;
			children = (
				CE12E13E2B2EEAF000A214EE /* test8.app */,
				CE12E14E2B2EEAF200A214EE /* test8Tests.xctest */,
				CE12E1582B2EEAF200A214EE /* test8UITests.xctest */,
			);
			name = Products;
			sourceTree = "<group>";
		};
		CE12E1402B2EEAF000A214EE /* test8 */ = {
			isa = PBXGroup;
			children = (
				CE12E1412B2EEAF000A214EE /* test8App.swift */,
				CE12E1432B2EEAF000A214EE /* ContentView.swift */,
				CE12E1452B2EEAF200A214EE /* Assets.xcassets */,
				CE12E1472B2EEAF200A214EE /* Preview Content */,
			);
			path = test8;
			sourceTree = "<group>";
		};
		CE12E1472B2EEAF200A214EE /* Preview Content */ = {
			isa = PBXGroup;
			children = (
				CE12E1482B2EEAF200A214EE /* Preview Assets.xcassets */,
			);
			path = "Preview Content";
			sourceTree = "<group>";
		};
		CE12E1512B2EEAF200A214EE /* test8Tests */ = {
			isa = PBXGroup;
			children = (
				CE12E1522B2EEAF200A214EE /* test8Tests.swift */,
			);
			path = test8Tests;
			sourceTree = "<group>";
		};
		CE12E15B2B2EEAF200A214EE /* test8UITests */ = {
			isa = PBXGroup;
			children = (
				CE12E15C2B2EEAF200A214EE /* test8UITests.swift */,
				CE12E15E2B2EEAF200A214EE /* test8UITestsLaunchTests.swift */,
			);
			path = test8UITests;
			sourceTree = "<group>";
		};
/* End PBXGroup section */

/* Begin PBXNativeTarget section */
		CE12E13D2B2EEAF000A214EE /* test8 */ = {
			isa = PBXNativeTarget;
			buildConfigurationList = CE12E1622B2EEAF200A214EE /* Build configuration list for PBXNativeTarget "test8" */;
			buildPhases = (
				CE12E13A2B2EEAF000A214EE /* Sources */,
				CE12E13B2B2EEAF000A214EE /* Frameworks */,
				CE12E13C2B2EEAF000A214EE /* Resources */,
			);
			buildRules = (
			);
			dependencies = (
			);
			name = test8;
			productName = test8;
			productReference = CE12E13E2B2EEAF000A214EE /* test8.app */;
			productType = "com.apple.product-type.application";
		};
		CE12E14D2B2EEAF200A214EE /* test8Tests */ = {
			isa = PBXNativeTarget;
			buildConfigurationList = CE12E1652B2EEAF200A214EE /* Build configuration list for PBXNativeTarget "test8Tests" */;
			buildPhases = (
				CE12E14A2B2EEAF200A214EE /* Sources */,
				CE12E14B2B2EEAF200A214EE /* Frameworks */,
				CE12E14C2B2EEAF200A214EE /* Resources */,
			);
			buildRules = (
			);
			dependencies = (
				CE12E1502B2EEAF200A214EE /* PBXTargetDependency */,
			);
			name = test8Tests;
			productName = test8Tests;
			productReference = CE12E14E2B2EEAF200A214EE /* test8Tests.xctest */;
			productType = "com.apple.product-type.bundle.unit-test";
		};
		CE12E1572B2EEAF200A214EE /* test8UITests */ = {
			isa = PBXNativeTarget;
			buildConfigurationList = CE12E1682B2EEAF200A214EE /* Build configuration list for PBXNativeTarget "test8UITests" */;
			buildPhases = (
				CE12E1542B2EEAF200A214EE /* Sources */,
				CE12E1552B2EEAF200A214EE /* Frameworks */,
				CE12E1562B2EEAF200A214EE /* Resources */,
			);
			buildRules = (
			);
			dependencies = (
				CE12E15A2B2EEAF200A214EE /* PBXTargetDependency */,
			);
			name = test8UITests;
			productName = test8UITests;
			productReference = CE12E1582B2EEAF200A214EE /* test8UITests.xctest */;
			productType = "com.apple.product-type.bundle.ui-testing";
		};
/* End PBXNativeTarget section */

/* Begin PBXProject section */
		CE12E1362B2EEAF000A214EE /* Project object */ = {
			isa = PBXProject;
			attributes = {
				BuildIndependentTargetsInParallel = 1;
				LastSwiftUpdateCheck = 1500;
				LastUpgradeCheck = 1500;
				TargetAttributes = {
					CE12E13D2B2EEAF000A214EE = {
						CreatedOnToolsVersion = 15.0.1;
					};
					CE12E14D2B2EEAF200A214EE = {
						CreatedOnToolsVersion = 15.0.1;
						TestTargetID = CE12E13D2B2EEAF000A214EE;
					};
					CE12E1572B2EEAF200A214EE = {
						CreatedOnToolsVersion = 15.0.1;
						TestTargetID = CE12E13D2B2EEAF000A214EE;
					};
				};
			};
			buildConfigurationList = CE12E1392B2EEAF000A214EE /* Build configuration list for PBXProject "test8" */;
			compatibilityVersion = "Xcode 14.0";
			developmentRegion = en;
			hasScannedForEncodings = 0;
			knownRegions = (
				en,
				Base,
			);
			mainGroup = CE12E1352B2EEAF000A214EE;
			productRefGroup = CE12E13F2B2EEAF000A214EE /* Products */;
			projectDirPath = "";
			projectRoot = "";
			targets = (
				CE12E13D2B2EEAF000A214EE /* test8 */,
				CE12E14D2B2EEAF200A214EE /* test8Tests */,
				CE12E1572B2EEAF200A214EE /* test8UITests */,
			);
		};
/* End PBXProject section */

/* Begin PBXResourcesBuildPhase section */
		CE12E13C2B2EEAF000A214EE /* Resources */ = {
			isa = PBXResourcesBuildPhase;
			buildActionMask = 2147483647;
			files = (
				CE12E1492B2EEAF200A214EE /* Preview Assets.xcassets in Resources */,
				CE12E1462B2EEAF200A214EE /* Assets.xcassets in Resources */,
			);
			runOnlyForDeploymentPostprocessing = 0;
		};
		CE12E14C2B2EEAF200A214EE /* Resources */ = {
			isa = PBXResourcesBuildPhase;
			buildActionMask = 2147483647;
			files = (
			);
			runOnlyForDeploymentPostprocessing = 0;
		};
		CE12E1562B2EEAF200A214EE /* Resources */ = {
			isa = PBXResourcesBuildPhase;
			buildActionMask = 2147483647;
			files = (
			);
			runOnlyForDeploymentPostprocessing = 0;
		};
/* End PBXResourcesBuildPhase section */

/* Begin PBXSourcesBuildPhase section */
		CE12E13A2B2EEAF000A214EE /* Sources */ = {
			isa = PBXSourcesBuildPhase;
			buildActionMask = 2147483647;
			files = (
				CE12E1442B2EEAF000A214EE /* ContentView.swift in Sources */,
				CE12E1422B2EEAF000A214EE /* test8App.swift in Sources */,
			);
			runOnlyForDeploymentPostprocessing = 0;
		};
		CE12E14A2B2EEAF200A214EE /* Sources */ = {
			isa = PBXSourcesBuildPhase;
			buildActionMask = 2147483647;
			files = (
				CE12E1532B2EEAF200A214EE /* test8Tests.swift in Sources */,
			);
			runOnlyForDeploymentPostprocessing = 0;
		};
		CE12E1542B2EEAF200A214EE /* Sources */ = {
			isa = PBXSourcesBuildPhase;
			buildActionMask = 2147483647;
			files = (
				CE12E15D2B2EEAF200A214EE /* test8UITests.swift in Sources */,
				CE12E15F2B2EEAF200A214EE /* test8UITestsLaunchTests.swift in Sources */,
			);
			runOnlyForDeploymentPostprocessing = 0;
		};
/* End PBXSourcesBuildPhase section */

/* Begin PBXTargetDependency section */
		CE12E1502B2EEAF200A214EE /* PBXTargetDependency */ = {
			isa = PBXTargetDependency;
			target = CE12E13D2B2EEAF000A214EE /* test8 */;
			targetProxy = CE12E14F2B2EEAF200A214EE /* PBXContainerItemProxy */;
		};
		CE12E15A2B2EEAF200A214EE /* PBXTargetDependency */ = {
			isa = PBXTargetDependency;
			target = CE12E13D2B2EEAF000A214EE /* test8 */;
			targetProxy = CE12E1592B2EEAF200A214EE /* PBXContainerItemProxy */;
		};
/* End PBXTargetDependency section */

/* Begin XCBuildConfiguration section */
		CE12E1602B2EEAF200A214EE /* Debug */ = {
			isa = XCBuildConfiguration;
			buildSettings = {
				ALWAYS_SEARCH_USER_PATHS = NO;
				ASSETCATALOG_COMPILER_GENERATE_SWIFT_ASSET_SYMBOL_EXTENSIONS = YES;
				CLANG_ANALYZER_NONNULL = YES;
				CLANG_ANALYZER_NUMBER_OBJECT_CONVERSION = YES_AGGRESSIVE;
				CLANG_CXX_LANGUAGE_STANDARD = "gnu++20";
				CLANG_ENABLE_MODULES = YES;
				CLANG_ENABLE_OBJC_ARC = YES;
				CLANG_ENABLE_OBJC_WEAK = YES;
				CLANG_WARN_BLOCK_CAPTURE_AUTORELEASING = YES;
				CLANG_WARN_BOOL_CONVERSION = YES;
				CLANG_WARN_COMMA = YES;
				CLANG_WARN_CONSTANT_CONVERSION = YES;
				CLANG_WARN_DEPRECATED_OBJC_IMPLEMENTATIONS = YES;
				CLANG_WARN_DIRECT_OBJC_ISA_USAGE = YES_ERROR;
				CLANG_WARN_DOCUMENTATION_COMMENTS = YES;
				CLANG_WARN_EMPTY_BODY = YES;
				CLANG_WARN_ENUM_CONVERSION = YES;
				CLANG_WARN_INFINITE_RECURSION = YES;
				CLANG_WARN_INT_CONVERSION = YES;
				CLANG_WARN_NON_LITERAL_NULL_CONVERSION = YES;
				CLANG_WARN_OBJC_IMPLICIT_RETAIN_SELF = YES;
				CLANG_WARN_OBJC_LITERAL_CONVERSION = YES;
				CLANG_WARN_OBJC_ROOT_CLASS = YES_ERROR;
				CLANG_WARN_QUOTED_INCLUDE_IN_FRAMEWORK_HEADER = YES;
				CLANG_WARN_RANGE_LOOP_ANALYSIS = YES;
				CLANG_WARN_STRICT_PROTOTYPES = YES;
				CLANG_WARN_SUSPICIOUS_MOVE = YES;
				CLANG_WARN_UNGUARDED_AVAILABILITY = YES_AGGRESSIVE;
				CLANG_WARN_UNREACHABLE_CODE = YES;
				CLANG_WARN__DUPLICATE_METHOD_MATCH = YES;
				COPY_PHASE_STRIP = NO;
				DEBUG_INFORMATION_FORMAT = dwarf;
				ENABLE_STRICT_OBJC_MSGSEND = YES;
				ENABLE_TESTABILITY = YES;
				ENABLE_USER_SCRIPT_SANDBOXING = YES;
				GCC_C_LANGUAGE_STANDARD = gnu17;
				GCC_DYNAMIC_NO_PIC = NO;
				GCC_NO_COMMON_BLOCKS = YES;
				GCC_OPTIMIZATION_LEVEL = 0;
				GCC_PREPROCESSOR_DEFINITIONS = (
					"DEBUG=1",
					"$(inherited)",
				);
				GCC_WARN_64_TO_32_BIT_CONVERSION = YES;
				GCC_WARN_ABOUT_RETURN_TYPE = YES_ERROR;
				GCC_WARN_UNDECLARED_SELECTOR = YES;
				GCC_WARN_UNINITIALIZED_AUTOS = YES_AGGRESSIVE;
				GCC_WARN_UNUSED_FUNCTION = YES;
				GCC_WARN_UNUSED_VARIABLE = YES;
				IPHONEOS_DEPLOYMENT_TARGET = 17.0;
				LOCALIZATION_PREFERS_STRING_CATALOGS = YES;
				MTL_ENABLE_DEBUG_INFO = INCLUDE_SOURCE;
				MTL_FAST_MATH = YES;
				ONLY_ACTIVE_ARCH = YES;
				SDKROOT = iphoneos;
				SWIFT_ACTIVE_COMPILATION_CONDITIONS = "DEBUG $(inherited)";
				SWIFT_OPTIMIZATION_LEVEL = "-Onone";
			};
			name = Debug;
		};
		CE12E1612B2EEAF200A214EE /* Release */ = {
			isa = XCBuildConfiguration;
			buildSettings = {
				ALWAYS_SEARCH_USER_PATHS = NO;
				ASSETCATALOG_COMPILER_GENERATE_SWIFT_ASSET_SYMBOL_EXTENSIONS = YES;
				CLANG_ANALYZER_NONNULL = YES;
				CLANG_ANALYZER_NUMBER_OBJECT_CONVERSION = YES_AGGRESSIVE;
				CLANG_CXX_LANGUAGE_STANDARD = "gnu++20";
				CLANG_ENABLE_MODULES = YES;
				CLANG_ENABLE_OBJC_ARC = YES;
				CLANG_ENABLE_OBJC_WEAK = YES;
				CLANG_WARN_BLOCK_CAPTURE_AUTORELEASING = YES;
				CLANG_WARN_BOOL_CONVERSION = YES;
				CLANG_WARN_COMMA = YES;
				CLANG_WARN_CONSTANT_CONVERSION = YES;
				CLANG_WARN_DEPRECATED_OBJC_IMPLEMENTATIONS = YES;
				CLANG_WARN_DIRECT_OBJC_ISA_USAGE = YES_ERROR;
				CLANG_WARN_DOCUMENTATION_COMMENTS = YES;
				CLANG_WARN_EMPTY_BODY = YES;
				CLANG_WARN_ENUM_CONVERSION = YES;
				CLANG_WARN_INFINITE_RECURSION = YES;
				CLANG_WARN_INT_CONVERSION = YES;
				CLANG_WARN_NON_LITERAL_NULL_CONVERSION = YES;
				CLANG_WARN_OBJC_IMPLICIT_RETAIN_SELF = YES;
				CLANG_WARN_OBJC_LITERAL_CONVERSION = YES;
				CLANG_WARN_OBJC_ROOT_CLASS = YES_ERROR;
				CLANG_WARN_QUOTED_INCLUDE_IN_FRAMEWORK_HEADER = YES;
				CLANG_WARN_RANGE_LOOP_ANALYSIS = YES;
				CLANG_WARN_STRICT_PROTOTYPES = YES;
				CLANG_WARN_SUSPICIOUS_MOVE = YES;
				CLANG_WARN_UNGUARDED_AVAILABILITY = YES_AGGRESSIVE;
				CLANG_WARN_UNREACHABLE_CODE = YES;
				CLANG_WARN__DUPLICATE_METHOD_MATCH = YES;
				COPY_PHASE_STRIP = NO;
				DEBUG_INFORMATION_FORMAT = "dwarf-with-dsym";
				ENABLE_NS_ASSERTIONS = NO;
				ENABLE_STRICT_OBJC_MSGSEND = YES;
				ENABLE_USER_SCRIPT_SANDBOXING = YES;
				GCC_C_LANGUAGE_STANDARD = gnu17;
				GCC_NO_COMMON_BLOCKS = YES;
				GCC_WARN_64_TO_32_BIT_CONVERSION = YES;
				GCC_WARN_ABOUT_RETURN_TYPE = YES_ERROR;
				GCC_WARN_UNDECLARED_SELECTOR = YES;
				GCC_WARN_UNINITIALIZED_AUTOS = YES_AGGRESSIVE;
				GCC_WARN_UNUSED_FUNCTION = YES;
				GCC_WARN_UNUSED_VARIABLE = YES;
				IPHONEOS_DEPLOYMENT_TARGET = 17.0;
				LOCALIZATION_PREFERS_STRING_CATALOGS = YES;
				MTL_ENABLE_DEBUG_INFO = NO;
				MTL_FAST_MATH = YES;
				SDKROOT = iphoneos;
				SWIFT_COMPILATION_MODE = wholemodule;
				VALIDATE_PRODUCT = YES;
			};
			name = Release;
		};
		CE12E1632B2EEAF200A214EE /* Debug */ = {
			isa = XCBuildConfiguration;
			buildSettings = {
				ASSETCATALOG_COMPILER_APPICON_NAME = AppIcon;
				ASSETCATALOG_COMPILER_GLOBAL_ACCENT_COLOR_NAME = AccentColor;
				CODE_SIGN_STYLE = Automatic;
				CURRENT_PROJECT_VERSION = 1;
				DEVELOPMENT_ASSET_PATHS = "\"test8/Preview Content\"";
				ENABLE_PREVIEWS = YES;
				GENERATE_INFOPLIST_FILE = YES;
				INFOPLIST_KEY_UIApplicationSceneManifest_Generation = YES;
				INFOPLIST_KEY_UIApplicationSupportsIndirectInputEvents = YES;
				INFOPLIST_KEY_UILaunchScreen_Generation = YES;
				INFOPLIST_KEY_UISupportedInterfaceOrientations_iPad = "UIInterfaceOrientationPortrait UIInterfaceOrientationPortraitUpsideDown UIInterfaceOrientationLandscapeLeft UIInterfaceOrientationLandscapeRight";
				INFOPLIST_KEY_UISupportedInterfaceOrientations_iPhone = "UIInterfaceOrientationPortrait UIInterfaceOrientationLandscapeLeft UIInterfaceOrientationLandscapeRight";
				LD_RUNPATH_SEARCH_PATHS = (
					"$(inherited)",
					"@executable_path/Frameworks",
				);
				MARKETING_VERSION = 1.0;
				PRODUCT_BUNDLE_IDENTIFIER = test.test8;
				PRODUCT_NAME = "$(TARGET_NAME)";
				SWIFT_EMIT_LOC_STRINGS = YES;
				SWIFT_VERSION = 5.0;
				TARGETED_DEVICE_FAMILY = "1,2";
			};
			name = Debug;
		};
		CE12E1642B2EEAF200A214EE /* Release */ = {
			isa = XCBuildConfiguration;
			buildSettings = {
				ASSETCATALOG_COMPILER_APPICON_NAME = AppIcon;
				ASSETCATALOG_COMPILER_GLOBAL_ACCENT_COLOR_NAME = AccentColor;
				CODE_SIGN_STYLE = Automatic;
				CURRENT_PROJECT_VERSION = 1;
				DEVELOPMENT_ASSET_PATHS = "\"test8/Preview Content\"";
				ENABLE_PREVIEWS = YES;
				GENERATE_INFOPLIST_FILE = YES;
				INFOPLIST_KEY_UIApplicationSceneManifest_Generation = YES;
				INFOPLIST_KEY_UIApplicationSupportsIndirectInputEvents = YES;
				INFOPLIST_KEY_UILaunchScreen_Generation = YES;
				INFOPLIST_KEY_UISupportedInterfaceOrientations_iPad = "UIInterfaceOrientationPortrait UIInterfaceOrientationPortraitUpsideDown UIInterfaceOrientationLandscapeLeft UIInterfaceOrientationLandscapeRight";
				INFOPLIST_KEY_UISupportedInterfaceOrientations_iPhone = "UIInterfaceOrientationPortrait UIInterfaceOrientationLandscapeLeft UIInterfaceOrientationLandscapeRight";
				LD_RUNPATH_SEARCH_PATHS = (
					"$(inherited)",
					"@executable_path/Frameworks",
				);
				MARKETING_VERSION = 1.0;
				PRODUCT_BUNDLE_IDENTIFIER = test.test8;
				PRODUCT_NAME = "$(TARGET_NAME)";
				SWIFT_EMIT_LOC_STRINGS = YES;
				SWIFT_VERSION = 5.0;
				TARGETED_DEVICE_FAMILY = "1,2";
			};
			name = Release;
		};
		CE12E1662B2EEAF200A214EE /* Debug */ = {
			isa = XCBuildConfiguration;
			buildSettings = {
				ALWAYS_EMBED_SWIFT_STANDARD_LIBRARIES = YES;
				BUNDLE_LOADER = "$(TEST_HOST)";
				CODE_SIGN_STYLE = Automatic;
				CURRENT_PROJECT_VERSION = 1;
				GENERATE_INFOPLIST_FILE = YES;
				IPHONEOS_DEPLOYMENT_TARGET = 17.0;
				MARKETING_VERSION = 1.0;
				PRODUCT_BUNDLE_IDENTIFIER = test.test8Tests;
				PRODUCT_NAME = "$(TARGET_NAME)";
				SWIFT_EMIT_LOC_STRINGS = NO;
				SWIFT_VERSION = 5.0;
				TARGETED_DEVICE_FAMILY = "1,2";
				TEST_HOST = "$(BUILT_PRODUCTS_DIR)/test8.app/$(BUNDLE_EXECUTABLE_FOLDER_PATH)/test8";
			};
			name = Debug;
		};
		CE12E1672B2EEAF200A214EE /* Release */ = {
			isa = XCBuildConfiguration;
			buildSettings = {
				ALWAYS_EMBED_SWIFT_STANDARD_LIBRARIES = YES;
				BUNDLE_LOADER = "$(TEST_HOST)";
				CODE_SIGN_STYLE = Automatic;
				CURRENT_PROJECT_VERSION = 1;
				GENERATE_INFOPLIST_FILE = YES;
				IPHONEOS_DEPLOYMENT_TARGET = 17.0;
				MARKETING_VERSION = 1.0;
				PRODUCT_BUNDLE_IDENTIFIER = test.test8Tests;
				PRODUCT_NAME = "$(TARGET_NAME)";
				SWIFT_EMIT_LOC_STRINGS = NO;
				SWIFT_VERSION = 5.0;
				TARGETED_DEVICE_FAMILY = "1,2";
				TEST_HOST = "$(BUILT_PRODUCTS_DIR)/test8.app/$(BUNDLE_EXECUTABLE_FOLDER_PATH)/test8";
			};
			name = Release;
		};
		CE12E1692B2EEAF200A214EE /* Debug */ = {
			isa = XCBuildConfiguration;
			buildSettings = {
				ALWAYS_EMBED_SWIFT_STANDARD_LIBRARIES = YES;
				CODE_SIGN_STYLE = Automatic;
				CURRENT_PROJECT_VERSION = 1;
				GENERATE_INFOPLIST_FILE = YES;
				MARKETING_VERSION = 1.0;
				PRODUCT_BUNDLE_IDENTIFIER = test.test8UITests;
				PRODUCT_NAME = "$(TARGET_NAME)";
				SWIFT_EMIT_LOC_STRINGS = NO;
				SWIFT_VERSION = 5.0;
				TARGETED_DEVICE_FAMILY = "1,2";
				TEST_TARGET_NAME = test8;
			};
			name = Debug;
		};
		CE12E16A2B2EEAF200A214EE /* Release */ = {
			isa = XCBuildConfiguration;
			buildSettings = {
				ALWAYS_EMBED_SWIFT_STANDARD_LIBRARIES = YES;
				CODE_SIGN_STYLE = Automatic;
				CURRENT_PROJECT_VERSION = 1;
				GENERATE_INFOPLIST_FILE = YES;
				MARKETING_VERSION = 1.0;
				PRODUCT_BUNDLE_IDENTIFIER = test.test8UITests;
				PRODUCT_NAME = "$(TARGET_NAME)";
				SWIFT_EMIT_LOC_STRINGS = NO;
				SWIFT_VERSION = 5.0;
				TARGETED_DEVICE_FAMILY = "1,2";
				TEST_TARGET_NAME = test8;
			};
			name = Release;
		};
/* End XCBuildConfiguration section */

/* Begin XCConfigurationList section */
		CE12E1392B2EEAF000A214EE /* Build configuration list for PBXProject "test8" */ = {
			isa = XCConfigurationList;
			buildConfigurations = (
				CE12E1602B2EEAF200A214EE /* Debug */,
				CE12E1612B2EEAF200A214EE /* Release */,
			);
			defaultConfigurationIsVisible = 0;
			defaultConfigurationName = Release;
		};
		CE12E1622B2EEAF200A214EE /* Build configuration list for PBXNativeTarget "test8" */ = {
			isa = XCConfigurationList;
			buildConfigurations = (
				CE12E1632B2EEAF200A214EE /* Debug */,
				CE12E1642B2EEAF200A214EE /* Release */,
			);
			defaultConfigurationIsVisible = 0;
			defaultConfigurationName = Release;
		};
		CE12E1652B2EEAF200A214EE /* Build configuration list for PBXNativeTarget "test8Tests" */ = {
			isa = XCConfigurationList;
			buildConfigurations = (
				CE12E1662B2EEAF200A214EE /* Debug */,
				CE12E1672B2EEAF200A214EE /* Release */,
			);
			defaultConfigurationIsVisible = 0;
			defaultConfigurationName = Release;
		};
		CE12E1682B2EEAF200A214EE /* Build configuration list for PBXNativeTarget "test8UITests" */ = {
			isa = XCConfigurationList;
			buildConfigurations = (
				CE12E1692B2EEAF200A214EE /* Debug */,
				CE12E16A2B2EEAF200A214EE /* Release */,
			);
			defaultConfigurationIsVisible = 0;
			defaultConfigurationName = Release;
		};
/* End XCConfigurationList section */
	};
	rootObject = CE12E1362B2EEAF000A214EE /* Project object */;
}
