// !$*UTF8*$!
{
	archiveVersion = 1;
	classes = {
	};
	objectVersion = 56;
	objects = {

/* Begin PBXBuildFile section */
		CE12E21A2B2F21FC00A214EE /* toggleApp.swift in Sources */ = {isa = PBXBuildFile; fileRef = CE12E2192B2F21FC00A214EE /* toggleApp.swift */; };
		CE12E21C2B2F21FC00A214EE /* ContentView.swift in Sources */ = {isa = PBXBuildFile; fileRef = CE12E21B2B2F21FC00A214EE /* ContentView.swift */; };
		CE12E21E2B2F21FD00A214EE /* Assets.xcassets in Resources */ = {isa = PBXBuildFile; fileRef = CE12E21D2B2F21FD00A214EE /* Assets.xcassets */; };
		CE12E2212B2F21FD00A214EE /* Preview Assets.xcassets in Resources */ = {isa = PBXBuildFile; fileRef = CE12E2202B2F21FD00A214EE /* Preview Assets.xcassets */; };
		CE12E22B2B2F21FD00A214EE /* toggleTests.swift in Sources */ = {isa = PBXBuildFile; fileRef = CE12E22A2B2F21FD00A214EE /* toggleTests.swift */; };
		CE12E2352B2F21FD00A214EE /* toggleUITests.swift in Sources */ = {isa = PBXBuildFile; fileRef = CE12E2342B2F21FD00A214EE /* toggleUITests.swift */; };
		CE12E2372B2F21FD00A214EE /* toggleUITestsLaunchTests.swift in Sources */ = {isa = PBXBuildFile; fileRef = CE12E2362B2F21FD00A214EE /* toggleUITestsLaunchTests.swift */; };
/* End PBXBuildFile section */

/* Begin PBXContainerItemProxy section */
		CE12E2272B2F21FD00A214EE /* PBXContainerItemProxy */ = {
			isa = PBXContainerItemProxy;
			containerPortal = CE12E20E2B2F21FC00A214EE /* Project object */;
			proxyType = 1;
			remoteGlobalIDString = CE12E2152B2F21FC00A214EE;
			remoteInfo = toggle;
		};
		CE12E2312B2F21FD00A214EE /* PBXContainerItemProxy */ = {
			isa = PBXContainerItemProxy;
			containerPortal = CE12E20E2B2F21FC00A214EE /* Project object */;
			proxyType = 1;
			remoteGlobalIDString = CE12E2152B2F21FC00A214EE;
			remoteInfo = toggle;
		};
/* End PBXContainerItemProxy section */

/* Begin PBXFileReference section */
		CE12E2162B2F21FC00A214EE /* toggle.app */ = {isa = PBXFileReference; explicitFileType = wrapper.application; includeInIndex = 0; path = toggle.app; sourceTree = BUILT_PRODUCTS_DIR; };
		CE12E2192B2F21FC00A214EE /* toggleApp.swift */ = {isa = PBXFileReference; lastKnownFileType = sourcecode.swift; path = toggleApp.swift; sourceTree = "<group>"; };
		CE12E21B2B2F21FC00A214EE /* ContentView.swift */ = {isa = PBXFileReference; lastKnownFileType = sourcecode.swift; path = ContentView.swift; sourceTree = "<group>"; };
		CE12E21D2B2F21FD00A214EE /* Assets.xcassets */ = {isa = PBXFileReference; lastKnownFileType = folder.assetcatalog; path = Assets.xcassets; sourceTree = "<group>"; };
		CE12E2202B2F21FD00A214EE /* Preview Assets.xcassets */ = {isa = PBXFileReference; lastKnownFileType = folder.assetcatalog; path = "Preview Assets.xcassets"; sourceTree = "<group>"; };
		CE12E2262B2F21FD00A214EE /* toggleTests.xctest */ = {isa = PBXFileReference; explicitFileType = wrapper.cfbundle; includeInIndex = 0; path = toggleTests.xctest; sourceTree = BUILT_PRODUCTS_DIR; };
		CE12E22A2B2F21FD00A214EE /* toggleTests.swift */ = {isa = PBXFileReference; lastKnownFileType = sourcecode.swift; path = toggleTests.swift; sourceTree = "<group>"; };
		CE12E2302B2F21FD00A214EE /* toggleUITests.xctest */ = {isa = PBXFileReference; explicitFileType = wrapper.cfbundle; includeInIndex = 0; path = toggleUITests.xctest; sourceTree = BUILT_PRODUCTS_DIR; };
		CE12E2342B2F21FD00A214EE /* toggleUITests.swift */ = {isa = PBXFileReference; lastKnownFileType = sourcecode.swift; path = toggleUITests.swift; sourceTree = "<group>"; };
		CE12E2362B2F21FD00A214EE /* toggleUITestsLaunchTests.swift */ = {isa = PBXFileReference; lastKnownFileType = sourcecode.swift; path = toggleUITestsLaunchTests.swift; sourceTree = "<group>"; };
/* End PBXFileReference section */

/* Begin PBXFrameworksBuildPhase section */
		CE12E2132B2F21FC00A214EE /* Frameworks */ = {
			isa = PBXFrameworksBuildPhase;
			buildActionMask = 2147483647;
			files = (
			);
			runOnlyForDeploymentPostprocessing = 0;
		};
		CE12E2232B2F21FD00A214EE /* Frameworks */ = {
			isa = PBXFrameworksBuildPhase;
			buildActionMask = 2147483647;
			files = (
			);
			runOnlyForDeploymentPostprocessing = 0;
		};
		CE12E22D2B2F21FD00A214EE /* Frameworks */ = {
			isa = PBXFrameworksBuildPhase;
			buildActionMask = 2147483647;
			files = (
			);
			runOnlyForDeploymentPostprocessing = 0;
		};
/* End PBXFrameworksBuildPhase section */

/* Begin PBXGroup section */
		CE12E20D2B2F21FC00A214EE = {
			isa = PBXGroup;
			children = (
				CE12E2182B2F21FC00A214EE /* toggle */,
				CE12E2292B2F21FD00A214EE /* toggleTests */,
				CE12E2332B2F21FD00A214EE /* toggleUITests */,
				CE12E2172B2F21FC00A214EE /* Products */,
			);
			sourceTree = "<group>";
		};
		CE12E2172B2F21FC00A214EE /* Products */ = {
			isa = PBXGroup;
			children = (
				CE12E2162B2F21FC00A214EE /* toggle.app */,
				CE12E2262B2F21FD00A214EE /* toggleTests.xctest */,
				CE12E2302B2F21FD00A214EE /* toggleUITests.xctest */,
			);
			name = Products;
			sourceTree = "<group>";
		};
		CE12E2182B2F21FC00A214EE /* toggle */ = {
			isa = PBXGroup;
			children = (
				CE12E2192B2F21FC00A214EE /* toggleApp.swift */,
				CE12E21B2B2F21FC00A214EE /* ContentView.swift */,
				CE12E21D2B2F21FD00A214EE /* Assets.xcassets */,
				CE12E21F2B2F21FD00A214EE /* Preview Content */,
			);
			path = toggle;
			sourceTree = "<group>";
		};
		CE12E21F2B2F21FD00A214EE /* Preview Content */ = {
			isa = PBXGroup;
			children = (
				CE12E2202B2F21FD00A214EE /* Preview Assets.xcassets */,
			);
			path = "Preview Content";
			sourceTree = "<group>";
		};
		CE12E2292B2F21FD00A214EE /* toggleTests */ = {
			isa = PBXGroup;
			children = (
				CE12E22A2B2F21FD00A214EE /* toggleTests.swift */,
			);
			path = toggleTests;
			sourceTree = "<group>";
		};
		CE12E2332B2F21FD00A214EE /* toggleUITests */ = {
			isa = PBXGroup;
			children = (
				CE12E2342B2F21FD00A214EE /* toggleUITests.swift */,
				CE12E2362B2F21FD00A214EE /* toggleUITestsLaunchTests.swift */,
			);
			path = toggleUITests;
			sourceTree = "<group>";
		};
/* End PBXGroup section */

/* Begin PBXNativeTarget section */
		CE12E2152B2F21FC00A214EE /* toggle */ = {
			isa = PBXNativeTarget;
			buildConfigurationList = CE12E23A2B2F21FD00A214EE /* Build configuration list for PBXNativeTarget "toggle" */;
			buildPhases = (
				CE12E2122B2F21FC00A214EE /* Sources */,
				CE12E2132B2F21FC00A214EE /* Frameworks */,
				CE12E2142B2F21FC00A214EE /* Resources */,
			);
			buildRules = (
			);
			dependencies = (
			);
			name = toggle;
			productName = toggle;
			productReference = CE12E2162B2F21FC00A214EE /* toggle.app */;
			productType = "com.apple.product-type.application";
		};
		CE12E2252B2F21FD00A214EE /* toggleTests */ = {
			isa = PBXNativeTarget;
			buildConfigurationList = CE12E23D2B2F21FD00A214EE /* Build configuration list for PBXNativeTarget "toggleTests" */;
			buildPhases = (
				CE12E2222B2F21FD00A214EE /* Sources */,
				CE12E2232B2F21FD00A214EE /* Frameworks */,
				CE12E2242B2F21FD00A214EE /* Resources */,
			);
			buildRules = (
			);
			dependencies = (
				CE12E2282B2F21FD00A214EE /* PBXTargetDependency */,
			);
			name = toggleTests;
			productName = toggleTests;
			productReference = CE12E2262B2F21FD00A214EE /* toggleTests.xctest */;
			productType = "com.apple.product-type.bundle.unit-test";
		};
		CE12E22F2B2F21FD00A214EE /* toggleUITests */ = {
			isa = PBXNativeTarget;
			buildConfigurationList = CE12E2402B2F21FD00A214EE /* Build configuration list for PBXNativeTarget "toggleUITests" */;
			buildPhases = (
				CE12E22C2B2F21FD00A214EE /* Sources */,
				CE12E22D2B2F21FD00A214EE /* Frameworks */,
				CE12E22E2B2F21FD00A214EE /* Resources */,
			);
			buildRules = (
			);
			dependencies = (
				CE12E2322B2F21FD00A214EE /* PBXTargetDependency */,
			);
			name = toggleUITests;
			productName = toggleUITests;
			productReference = CE12E2302B2F21FD00A214EE /* toggleUITests.xctest */;
			productType = "com.apple.product-type.bundle.ui-testing";
		};
/* End PBXNativeTarget section */

/* Begin PBXProject section */
		CE12E20E2B2F21FC00A214EE /* Project object */ = {
			isa = PBXProject;
			attributes = {
				BuildIndependentTargetsInParallel = 1;
				LastSwiftUpdateCheck = 1500;
				LastUpgradeCheck = 1500;
				TargetAttributes = {
					CE12E2152B2F21FC00A214EE = {
						CreatedOnToolsVersion = 15.0.1;
					};
					CE12E2252B2F21FD00A214EE = {
						CreatedOnToolsVersion = 15.0.1;
						TestTargetID = CE12E2152B2F21FC00A214EE;
					};
					CE12E22F2B2F21FD00A214EE = {
						CreatedOnToolsVersion = 15.0.1;
						TestTargetID = CE12E2152B2F21FC00A214EE;
					};
				};
			};
			buildConfigurationList = CE12E2112B2F21FC00A214EE /* Build configuration list for PBXProject "toggle" */;
			compatibilityVersion = "Xcode 14.0";
			developmentRegion = en;
			hasScannedForEncodings = 0;
			knownRegions = (
				en,
				Base,
			);
			mainGroup = CE12E20D2B2F21FC00A214EE;
			productRefGroup = CE12E2172B2F21FC00A214EE /* Products */;
			projectDirPath = "";
			projectRoot = "";
			targets = (
				CE12E2152B2F21FC00A214EE /* toggle */,
				CE12E2252B2F21FD00A214EE /* toggleTests */,
				CE12E22F2B2F21FD00A214EE /* toggleUITests */,
			);
		};
/* End PBXProject section */

/* Begin PBXResourcesBuildPhase section */
		CE12E2142B2F21FC00A214EE /* Resources */ = {
			isa = PBXResourcesBuildPhase;
			buildActionMask = 2147483647;
			files = (
				CE12E2212B2F21FD00A214EE /* Preview Assets.xcassets in Resources */,
				CE12E21E2B2F21FD00A214EE /* Assets.xcassets in Resources */,
			);
			runOnlyForDeploymentPostprocessing = 0;
		};
		CE12E2242B2F21FD00A214EE /* Resources */ = {
			isa = PBXResourcesBuildPhase;
			buildActionMask = 2147483647;
			files = (
			);
			runOnlyForDeploymentPostprocessing = 0;
		};
		CE12E22E2B2F21FD00A214EE /* Resources */ = {
			isa = PBXResourcesBuildPhase;
			buildActionMask = 2147483647;
			files = (
			);
			runOnlyForDeploymentPostprocessing = 0;
		};
/* End PBXResourcesBuildPhase section */

/* Begin PBXSourcesBuildPhase section */
		CE12E2122B2F21FC00A214EE /* Sources */ = {
			isa = PBXSourcesBuildPhase;
			buildActionMask = 2147483647;
			files = (
				CE12E21C2B2F21FC00A214EE /* ContentView.swift in Sources */,
				CE12E21A2B2F21FC00A214EE /* toggleApp.swift in Sources */,
			);
			runOnlyForDeploymentPostprocessing = 0;
		};
		CE12E2222B2F21FD00A214EE /* Sources */ = {
			isa = PBXSourcesBuildPhase;
			buildActionMask = 2147483647;
			files = (
				CE12E22B2B2F21FD00A214EE /* toggleTests.swift in Sources */,
			);
			runOnlyForDeploymentPostprocessing = 0;
		};
		CE12E22C2B2F21FD00A214EE /* Sources */ = {
			isa = PBXSourcesBuildPhase;
			buildActionMask = 2147483647;
			files = (
				CE12E2372B2F21FD00A214EE /* toggleUITestsLaunchTests.swift in Sources */,
				CE12E2352B2F21FD00A214EE /* toggleUITests.swift in Sources */,
			);
			runOnlyForDeploymentPostprocessing = 0;
		};
/* End PBXSourcesBuildPhase section */

/* Begin PBXTargetDependency section */
		CE12E2282B2F21FD00A214EE /* PBXTargetDependency */ = {
			isa = PBXTargetDependency;
			target = CE12E2152B2F21FC00A214EE /* toggle */;
			targetProxy = CE12E2272B2F21FD00A214EE /* PBXContainerItemProxy */;
		};
		CE12E2322B2F21FD00A214EE /* PBXTargetDependency */ = {
			isa = PBXTargetDependency;
			target = CE12E2152B2F21FC00A214EE /* toggle */;
			targetProxy = CE12E2312B2F21FD00A214EE /* PBXContainerItemProxy */;
		};
/* End PBXTargetDependency section */

/* Begin XCBuildConfiguration section */
		CE12E2382B2F21FD00A214EE /* Debug */ = {
			isa = XCBuildConfiguration;
			buildSettings = {
				ALWAYS_SEARCH_USER_PATHS = NO;
				ASSETCATALOG_COMPILER_GENERATE_SWIFT_ASSET_SYMBOL_EXTENSIONS = YES;
				CLANG_ANALYZER_NONNULL = YES;
				CLANG_ANALYZER_NUMBER_OBJECT_CONVERSION = YES_AGGRESSIVE;
				CLANG_CXX_LANGUAGE_STANDARD = "gnu++20";
				CLANG_ENABLE_MODULES = YES;
				CLANG_ENABLE_OBJC_ARC = YES;
				CLANG_ENABLE_OBJC_WEAK = YES;
				CLANG_WARN_BLOCK_CAPTURE_AUTORELEASING = YES;
				CLANG_WARN_BOOL_CONVERSION = YES;
				CLANG_WARN_COMMA = YES;
				CLANG_WARN_CONSTANT_CONVERSION = YES;
				CLANG_WARN_DEPRECATED_OBJC_IMPLEMENTATIONS = YES;
				CLANG_WARN_DIRECT_OBJC_ISA_USAGE = YES_ERROR;
				CLANG_WARN_DOCUMENTATION_COMMENTS = YES;
				CLANG_WARN_EMPTY_BODY = YES;
				CLANG_WARN_ENUM_CONVERSION = YES;
				CLANG_WARN_INFINITE_RECURSION = YES;
				CLANG_WARN_INT_CONVERSION = YES;
				CLANG_WARN_NON_LITERAL_NULL_CONVERSION = YES;
				CLANG_WARN_OBJC_IMPLICIT_RETAIN_SELF = YES;
				CLANG_WARN_OBJC_LITERAL_CONVERSION = YES;
				CLANG_WARN_OBJC_ROOT_CLASS = YES_ERROR;
				CLANG_WARN_QUOTED_INCLUDE_IN_FRAMEWORK_HEADER = YES;
				CLANG_WARN_RANGE_LOOP_ANALYSIS = YES;
				CLANG_WARN_STRICT_PROTOTYPES = YES;
				CLANG_WARN_SUSPICIOUS_MOVE = YES;
				CLANG_WARN_UNGUARDED_AVAILABILITY = YES_AGGRESSIVE;
				CLANG_WARN_UNREACHABLE_CODE = YES;
				CLANG_WARN__DUPLICATE_METHOD_MATCH = YES;
				COPY_PHASE_STRIP = NO;
				DEBUG_INFORMATION_FORMAT = dwarf;
				ENABLE_STRICT_OBJC_MSGSEND = YES;
				ENABLE_TESTABILITY = YES;
				ENABLE_USER_SCRIPT_SANDBOXING = YES;
				GCC_C_LANGUAGE_STANDARD = gnu17;
				GCC_DYNAMIC_NO_PIC = NO;
				GCC_NO_COMMON_BLOCKS = YES;
				GCC_OPTIMIZATION_LEVEL = 0;
				GCC_PREPROCESSOR_DEFINITIONS = (
					"DEBUG=1",
					"$(inherited)",
				);
				GCC_WARN_64_TO_32_BIT_CONVERSION = YES;
				GCC_WARN_ABOUT_RETURN_TYPE = YES_ERROR;
				GCC_WARN_UNDECLARED_SELECTOR = YES;
				GCC_WARN_UNINITIALIZED_AUTOS = YES_AGGRESSIVE;
				GCC_WARN_UNUSED_FUNCTION = YES;
				GCC_WARN_UNUSED_VARIABLE = YES;
				IPHONEOS_DEPLOYMENT_TARGET = 17.0;
				LOCALIZATION_PREFERS_STRING_CATALOGS = YES;
				MTL_ENABLE_DEBUG_INFO = INCLUDE_SOURCE;
				MTL_FAST_MATH = YES;
				ONLY_ACTIVE_ARCH = YES;
				SDKROOT = iphoneos;
				SWIFT_ACTIVE_COMPILATION_CONDITIONS = "DEBUG $(inherited)";
				SWIFT_OPTIMIZATION_LEVEL = "-Onone";
			};
			name = Debug;
		};
		CE12E2392B2F21FD00A214EE /* Release */ = {
			isa = XCBuildConfiguration;
			buildSettings = {
				ALWAYS_SEARCH_USER_PATHS = NO;
				ASSETCATALOG_COMPILER_GENERATE_SWIFT_ASSET_SYMBOL_EXTENSIONS = YES;
				CLANG_ANALYZER_NONNULL = YES;
				CLANG_ANALYZER_NUMBER_OBJECT_CONVERSION = YES_AGGRESSIVE;
				CLANG_CXX_LANGUAGE_STANDARD = "gnu++20";
				CLANG_ENABLE_MODULES = YES;
				CLANG_ENABLE_OBJC_ARC = YES;
				CLANG_ENABLE_OBJC_WEAK = YES;
				CLANG_WARN_BLOCK_CAPTURE_AUTORELEASING = YES;
				CLANG_WARN_BOOL_CONVERSION = YES;
				CLANG_WARN_COMMA = YES;
				CLANG_WARN_CONSTANT_CONVERSION = YES;
				CLANG_WARN_DEPRECATED_OBJC_IMPLEMENTATIONS = YES;
				CLANG_WARN_DIRECT_OBJC_ISA_USAGE = YES_ERROR;
				CLANG_WARN_DOCUMENTATION_COMMENTS = YES;
				CLANG_WARN_EMPTY_BODY = YES;
				CLANG_WARN_ENUM_CONVERSION = YES;
				CLANG_WARN_INFINITE_RECURSION = YES;
				CLANG_WARN_INT_CONVERSION = YES;
				CLANG_WARN_NON_LITERAL_NULL_CONVERSION = YES;
				CLANG_WARN_OBJC_IMPLICIT_RETAIN_SELF = YES;
				CLANG_WARN_OBJC_LITERAL_CONVERSION = YES;
				CLANG_WARN_OBJC_ROOT_CLASS = YES_ERROR;
				CLANG_WARN_QUOTED_INCLUDE_IN_FRAMEWORK_HEADER = YES;
				CLANG_WARN_RANGE_LOOP_ANALYSIS = YES;
				CLANG_WARN_STRICT_PROTOTYPES = YES;
				CLANG_WARN_SUSPICIOUS_MOVE = YES;
				CLANG_WARN_UNGUARDED_AVAILABILITY = YES_AGGRESSIVE;
				CLANG_WARN_UNREACHABLE_CODE = YES;
				CLANG_WARN__DUPLICATE_METHOD_MATCH = YES;
				COPY_PHASE_STRIP = NO;
				DEBUG_INFORMATION_FORMAT = "dwarf-with-dsym";
				ENABLE_NS_ASSERTIONS = NO;
				ENABLE_STRICT_OBJC_MSGSEND = YES;
				ENABLE_USER_SCRIPT_SANDBOXING = YES;
				GCC_C_LANGUAGE_STANDARD = gnu17;
				GCC_NO_COMMON_BLOCKS = YES;
				GCC_WARN_64_TO_32_BIT_CONVERSION = YES;
				GCC_WARN_ABOUT_RETURN_TYPE = YES_ERROR;
				GCC_WARN_UNDECLARED_SELECTOR = YES;
				GCC_WARN_UNINITIALIZED_AUTOS = YES_AGGRESSIVE;
				GCC_WARN_UNUSED_FUNCTION = YES;
				GCC_WARN_UNUSED_VARIABLE = YES;
				IPHONEOS_DEPLOYMENT_TARGET = 17.0;
				LOCALIZATION_PREFERS_STRING_CATALOGS = YES;
				MTL_ENABLE_DEBUG_INFO = NO;
				MTL_FAST_MATH = YES;
				SDKROOT = iphoneos;
				SWIFT_COMPILATION_MODE = wholemodule;
				VALIDATE_PRODUCT = YES;
			};
			name = Release;
		};
		CE12E23B2B2F21FD00A214EE /* Debug */ = {
			isa = XCBuildConfiguration;
			buildSettings = {
				ASSETCATALOG_COMPILER_APPICON_NAME = AppIcon;
				ASSETCATALOG_COMPILER_GLOBAL_ACCENT_COLOR_NAME = AccentColor;
				CODE_SIGN_STYLE = Automatic;
				CURRENT_PROJECT_VERSION = 1;
				DEVELOPMENT_ASSET_PATHS = "\"toggle/Preview Content\"";
				ENABLE_PREVIEWS = YES;
				GENERATE_INFOPLIST_FILE = YES;
				INFOPLIST_KEY_UIApplicationSceneManifest_Generation = YES;
				INFOPLIST_KEY_UIApplicationSupportsIndirectInputEvents = YES;
				INFOPLIST_KEY_UILaunchScreen_Generation = YES;
				INFOPLIST_KEY_UISupportedInterfaceOrientations_iPad = "UIInterfaceOrientationPortrait UIInterfaceOrientationPortraitUpsideDown UIInterfaceOrientationLandscapeLeft UIInterfaceOrientationLandscapeRight";
				INFOPLIST_KEY_UISupportedInterfaceOrientations_iPhone = "UIInterfaceOrientationPortrait UIInterfaceOrientationLandscapeLeft UIInterfaceOrientationLandscapeRight";
				LD_RUNPATH_SEARCH_PATHS = (
					"$(inherited)",
					"@executable_path/Frameworks",
				);
				MARKETING_VERSION = 1.0;
				PRODUCT_BUNDLE_IDENTIFIER = test.toggle;
				PRODUCT_NAME = "$(TARGET_NAME)";
				SWIFT_EMIT_LOC_STRINGS = YES;
				SWIFT_VERSION = 5.0;
				TARGETED_DEVICE_FAMILY = "1,2";
			};
			name = Debug;
		};
		CE12E23C2B2F21FD00A214EE /* Release */ = {
			isa = XCBuildConfiguration;
			buildSettings = {
				ASSETCATALOG_COMPILER_APPICON_NAME = AppIcon;
				ASSETCATALOG_COMPILER_GLOBAL_ACCENT_COLOR_NAME = AccentColor;
				CODE_SIGN_STYLE = Automatic;
				CURRENT_PROJECT_VERSION = 1;
				DEVELOPMENT_ASSET_PATHS = "\"toggle/Preview Content\"";
				ENABLE_PREVIEWS = YES;
				GENERATE_INFOPLIST_FILE = YES;
				INFOPLIST_KEY_UIApplicationSceneManifest_Generation = YES;
				INFOPLIST_KEY_UIApplicationSupportsIndirectInputEvents = YES;
				INFOPLIST_KEY_UILaunchScreen_Generation = YES;
				INFOPLIST_KEY_UISupportedInterfaceOrientations_iPad = "UIInterfaceOrientationPortrait UIInterfaceOrientationPortraitUpsideDown UIInterfaceOrientationLandscapeLeft UIInterfaceOrientationLandscapeRight";
				INFOPLIST_KEY_UISupportedInterfaceOrientations_iPhone = "UIInterfaceOrientationPortrait UIInterfaceOrientationLandscapeLeft UIInterfaceOrientationLandscapeRight";
				LD_RUNPATH_SEARCH_PATHS = (
					"$(inherited)",
					"@executable_path/Frameworks",
				);
				MARKETING_VERSION = 1.0;
				PRODUCT_BUNDLE_IDENTIFIER = test.toggle;
				PRODUCT_NAME = "$(TARGET_NAME)";
				SWIFT_EMIT_LOC_STRINGS = YES;
				SWIFT_VERSION = 5.0;
				TARGETED_DEVICE_FAMILY = "1,2";
			};
			name = Release;
		};
		CE12E23E2B2F21FD00A214EE /* Debug */ = {
			isa = XCBuildConfiguration;
			buildSettings = {
				ALWAYS_EMBED_SWIFT_STANDARD_LIBRARIES = YES;
				BUNDLE_LOADER = "$(TEST_HOST)";
				CODE_SIGN_STYLE = Automatic;
				CURRENT_PROJECT_VERSION = 1;
				GENERATE_INFOPLIST_FILE = YES;
				IPHONEOS_DEPLOYMENT_TARGET = 17.0;
				MARKETING_VERSION = 1.0;
				PRODUCT_BUNDLE_IDENTIFIER = test.toggleTests;
				PRODUCT_NAME = "$(TARGET_NAME)";
				SWIFT_EMIT_LOC_STRINGS = NO;
				SWIFT_VERSION = 5.0;
				TARGETED_DEVICE_FAMILY = "1,2";
				TEST_HOST = "$(BUILT_PRODUCTS_DIR)/toggle.app/$(BUNDLE_EXECUTABLE_FOLDER_PATH)/toggle";
			};
			name = Debug;
		};
		CE12E23F2B2F21FD00A214EE /* Release */ = {
			isa = XCBuildConfiguration;
			buildSettings = {
				ALWAYS_EMBED_SWIFT_STANDARD_LIBRARIES = YES;
				BUNDLE_LOADER = "$(TEST_HOST)";
				CODE_SIGN_STYLE = Automatic;
				CURRENT_PROJECT_VERSION = 1;
				GENERATE_INFOPLIST_FILE = YES;
				IPHONEOS_DEPLOYMENT_TARGET = 17.0;
				MARKETING_VERSION = 1.0;
				PRODUCT_BUNDLE_IDENTIFIER = test.toggleTests;
				PRODUCT_NAME = "$(TARGET_NAME)";
				SWIFT_EMIT_LOC_STRINGS = NO;
				SWIFT_VERSION = 5.0;
				TARGETED_DEVICE_FAMILY = "1,2";
				TEST_HOST = "$(BUILT_PRODUCTS_DIR)/toggle.app/$(BUNDLE_EXECUTABLE_FOLDER_PATH)/toggle";
			};
			name = Release;
		};
		CE12E2412B2F21FD00A214EE /* Debug */ = {
			isa = XCBuildConfiguration;
			buildSettings = {
				ALWAYS_EMBED_SWIFT_STANDARD_LIBRARIES = YES;
				CODE_SIGN_STYLE = Automatic;
				CURRENT_PROJECT_VERSION = 1;
				GENERATE_INFOPLIST_FILE = YES;
				MARKETING_VERSION = 1.0;
				PRODUCT_BUNDLE_IDENTIFIER = test.toggleUITests;
				PRODUCT_NAME = "$(TARGET_NAME)";
				SWIFT_EMIT_LOC_STRINGS = NO;
				SWIFT_VERSION = 5.0;
				TARGETED_DEVICE_FAMILY = "1,2";
				TEST_TARGET_NAME = toggle;
			};
			name = Debug;
		};
		CE12E2422B2F21FD00A214EE /* Release */ = {
			isa = XCBuildConfiguration;
			buildSettings = {
				ALWAYS_EMBED_SWIFT_STANDARD_LIBRARIES = YES;
				CODE_SIGN_STYLE = Automatic;
				CURRENT_PROJECT_VERSION = 1;
				GENERATE_INFOPLIST_FILE = YES;
				MARKETING_VERSION = 1.0;
				PRODUCT_BUNDLE_IDENTIFIER = test.toggleUITests;
				PRODUCT_NAME = "$(TARGET_NAME)";
				SWIFT_EMIT_LOC_STRINGS = NO;
				SWIFT_VERSION = 5.0;
				TARGETED_DEVICE_FAMILY = "1,2";
				TEST_TARGET_NAME = toggle;
			};
			name = Release;
		};
/* End XCBuildConfiguration section */

/* Begin XCConfigurationList section */
		CE12E2112B2F21FC00A214EE /* Build configuration list for PBXProject "toggle" */ = {
			isa = XCConfigurationList;
			buildConfigurations = (
				CE12E2382B2F21FD00A214EE /* Debug */,
				CE12E2392B2F21FD00A214EE /* Release */,
			);
			defaultConfigurationIsVisible = 0;
			defaultConfigurationName = Release;
		};
		CE12E23A2B2F21FD00A214EE /* Build configuration list for PBXNativeTarget "toggle" */ = {
			isa = XCConfigurationList;
			buildConfigurations = (
				CE12E23B2B2F21FD00A214EE /* Debug */,
				CE12E23C2B2F21FD00A214EE /* Release */,
			);
			defaultConfigurationIsVisible = 0;
			defaultConfigurationName = Release;
		};
		CE12E23D2B2F21FD00A214EE /* Build configuration list for PBXNativeTarget "toggleTests" */ = {
			isa = XCConfigurationList;
			buildConfigurations = (
				CE12E23E2B2F21FD00A214EE /* Debug */,
				CE12E23F2B2F21FD00A214EE /* Release */,
			);
			defaultConfigurationIsVisible = 0;
			defaultConfigurationName = Release;
		};
		CE12E2402B2F21FD00A214EE /* Build configuration list for PBXNativeTarget "toggleUITests" */ = {
			isa = XCConfigurationList;
			buildConfigurations = (
				CE12E2412B2F21FD00A214EE /* Debug */,
				CE12E2422B2F21FD00A214EE /* Release */,
			);
			defaultConfigurationIsVisible = 0;
			defaultConfigurationName = Release;
		};
/* End XCConfigurationList section */
	};
	rootObject = CE12E20E2B2F21FC00A214EE /* Project object */;
}
