// !$*UTF8*$!
{
	archiveVersion = 1;
	classes = {
	};
	objectVersion = 56;
	objects = {

/* Begin PBXBuildFile section */
		CEC72A232B2FD24D006A92D5 /* AppDelegate.swift in Sources */ = {isa = PBXBuildFile; fileRef = CEC72A222B2FD24D006A92D5 /* AppDelegate.swift */; };
		CEC72A252B2FD24D006A92D5 /* Shaders.metal in Sources */ = {isa = PBXBuildFile; fileRef = CEC72A242B2FD24D006A92D5 /* Shaders.metal */; };
		CEC72A282B2FD24D006A92D5 /* Renderer.swift in Sources */ = {isa = PBXBuildFile; fileRef = CEC72A272B2FD24D006A92D5 /* Renderer.swift */; };
		CEC72A2A2B2FD24D006A92D5 /* ViewController.swift in Sources */ = {isa = PBXBuildFile; fileRef = CEC72A292B2FD24D006A92D5 /* ViewController.swift */; };
		CEC72A2D2B2FD24D006A92D5 /* Main.storyboard in Resources */ = {isa = PBXBuildFile; fileRef = CEC72A2B2B2FD24D006A92D5 /* Main.storyboard */; };
		CEC72A2F2B2FD24E006A92D5 /* Assets.xcassets in Resources */ = {isa = PBXBuildFile; fileRef = CEC72A2E2B2FD24E006A92D5 /* Assets.xcassets */; };
		CEC72A3A2B2FD24E006A92D5 /* ARKIT_tryTests.swift in Sources */ = {isa = PBXBuildFile; fileRef = CEC72A392B2FD24E006A92D5 /* ARKIT_tryTests.swift */; };
		CEC72A442B2FD24E006A92D5 /* ARKIT_tryUITests.swift in Sources */ = {isa = PBXBuildFile; fileRef = CEC72A432B2FD24E006A92D5 /* ARKIT_tryUITests.swift */; };
		CEC72A462B2FD24E006A92D5 /* ARKIT_tryUITestsLaunchTests.swift in Sources */ = {isa = PBXBuildFile; fileRef = CEC72A452B2FD24E006A92D5 /* ARKIT_tryUITestsLaunchTests.swift */; };
/* End PBXBuildFile section */

/* Begin PBXContainerItemProxy section */
		CEC72A362B2FD24E006A92D5 /* PBXContainerItemProxy */ = {
			isa = PBXContainerItemProxy;
			containerPortal = CEC72A172B2FD24D006A92D5 /* Project object */;
			proxyType = 1;
			remoteGlobalIDString = CEC72A1E2B2FD24D006A92D5;
			remoteInfo = "ARKIT-try";
		};
		CEC72A402B2FD24E006A92D5 /* PBXContainerItemProxy */ = {
			isa = PBXContainerItemProxy;
			containerPortal = CEC72A172B2FD24D006A92D5 /* Project object */;
			proxyType = 1;
			remoteGlobalIDString = CEC72A1E2B2FD24D006A92D5;
			remoteInfo = "ARKIT-try";
		};
/* End PBXContainerItemProxy section */

/* Begin PBXFileReference section */
		CEC72A1F2B2FD24D006A92D5 /* ARKIT-try.app */ = {isa = PBXFileReference; explicitFileType = wrapper.application; includeInIndex = 0; path = "ARKIT-try.app"; sourceTree = BUILT_PRODUCTS_DIR; };
		CEC72A222B2FD24D006A92D5 /* AppDelegate.swift */ = {isa = PBXFileReference; lastKnownFileType = sourcecode.swift; path = AppDelegate.swift; sourceTree = "<group>"; };
		CEC72A242B2FD24D006A92D5 /* Shaders.metal */ = {isa = PBXFileReference; lastKnownFileType = sourcecode.metal; path = Shaders.metal; sourceTree = "<group>"; };
		CEC72A262B2FD24D006A92D5 /* ShaderTypes.h */ = {isa = PBXFileReference; lastKnownFileType = sourcecode.c.h; path = ShaderTypes.h; sourceTree = "<group>"; };
		CEC72A272B2FD24D006A92D5 /* Renderer.swift */ = {isa = PBXFileReference; lastKnownFileType = sourcecode.swift; path = Renderer.swift; sourceTree = "<group>"; };
		CEC72A292B2FD24D006A92D5 /* ViewController.swift */ = {isa = PBXFileReference; lastKnownFileType = sourcecode.swift; path = ViewController.swift; sourceTree = "<group>"; };
		CEC72A2C2B2FD24D006A92D5 /* Base */ = {isa = PBXFileReference; lastKnownFileType = file.storyboard; name = Base; path = Base.lproj/Main.storyboard; sourceTree = "<group>"; };
		CEC72A2E2B2FD24E006A92D5 /* Assets.xcassets */ = {isa = PBXFileReference; lastKnownFileType = folder.assetcatalog; path = Assets.xcassets; sourceTree = "<group>"; };
		CEC72A302B2FD24E006A92D5 /* ARKIT_try-Bridging-Header.h */ = {isa = PBXFileReference; lastKnownFileType = sourcecode.c.h; path = "ARKIT_try-Bridging-Header.h"; sourceTree = "<group>"; };
		CEC72A352B2FD24E006A92D5 /* ARKIT-tryTests.xctest */ = {isa = PBXFileReference; explicitFileType = wrapper.cfbundle; includeInIndex = 0; path = "ARKIT-tryTests.xctest"; sourceTree = BUILT_PRODUCTS_DIR; };
		CEC72A392B2FD24E006A92D5 /* ARKIT_tryTests.swift */ = {isa = PBXFileReference; lastKnownFileType = sourcecode.swift; path = ARKIT_tryTests.swift; sourceTree = "<group>"; };
		CEC72A3F2B2FD24E006A92D5 /* ARKIT-tryUITests.xctest */ = {isa = PBXFileReference; explicitFileType = wrapper.cfbundle; includeInIndex = 0; path = "ARKIT-tryUITests.xctest"; sourceTree = BUILT_PRODUCTS_DIR; };
		CEC72A432B2FD24E006A92D5 /* ARKIT_tryUITests.swift */ = {isa = PBXFileReference; lastKnownFileType = sourcecode.swift; path = ARKIT_tryUITests.swift; sourceTree = "<group>"; };
		CEC72A452B2FD24E006A92D5 /* ARKIT_tryUITestsLaunchTests.swift */ = {isa = PBXFileReference; lastKnownFileType = sourcecode.swift; path = ARKIT_tryUITestsLaunchTests.swift; sourceTree = "<group>"; };
/* End PBXFileReference section */

/* Begin PBXFrameworksBuildPhase section */
		CEC72A1C2B2FD24D006A92D5 /* Frameworks */ = {
			isa = PBXFrameworksBuildPhase;
			buildActionMask = 2147483647;
			files = (
			);
			runOnlyForDeploymentPostprocessing = 0;
		};
		CEC72A322B2FD24E006A92D5 /* Frameworks */ = {
			isa = PBXFrameworksBuildPhase;
			buildActionMask = 2147483647;
			files = (
			);
			runOnlyForDeploymentPostprocessing = 0;
		};
		CEC72A3C2B2FD24E006A92D5 /* Frameworks */ = {
			isa = PBXFrameworksBuildPhase;
			buildActionMask = 2147483647;
			files = (
			);
			runOnlyForDeploymentPostprocessing = 0;
		};
/* End PBXFrameworksBuildPhase section */

/* Begin PBXGroup section */
		CEC72A162B2FD24D006A92D5 = {
			isa = PBXGroup;
			children = (
				CEC72A212B2FD24D006A92D5 /* ARKIT-try */,
				CEC72A382B2FD24E006A92D5 /* ARKIT-tryTests */,
				CEC72A422B2FD24E006A92D5 /* ARKIT-tryUITests */,
				CEC72A202B2FD24D006A92D5 /* Products */,
			);
			sourceTree = "<group>";
		};
		CEC72A202B2FD24D006A92D5 /* Products */ = {
			isa = PBXGroup;
			children = (
				CEC72A1F2B2FD24D006A92D5 /* ARKIT-try.app */,
				CEC72A352B2FD24E006A92D5 /* ARKIT-tryTests.xctest */,
				CEC72A3F2B2FD24E006A92D5 /* ARKIT-tryUITests.xctest */,
			);
			name = Products;
			sourceTree = "<group>";
		};
		CEC72A212B2FD24D006A92D5 /* ARKIT-try */ = {
			isa = PBXGroup;
			children = (
				CEC72A222B2FD24D006A92D5 /* AppDelegate.swift */,
				CEC72A242B2FD24D006A92D5 /* Shaders.metal */,
				CEC72A262B2FD24D006A92D5 /* ShaderTypes.h */,
				CEC72A272B2FD24D006A92D5 /* Renderer.swift */,
				CEC72A292B2FD24D006A92D5 /* ViewController.swift */,
				CEC72A2B2B2FD24D006A92D5 /* Main.storyboard */,
				CEC72A2E2B2FD24E006A92D5 /* Assets.xcassets */,
				CEC72A302B2FD24E006A92D5 /* ARKIT_try-Bridging-Header.h */,
			);
			path = "ARKIT-try";
			sourceTree = "<group>";
		};
		CEC72A382B2FD24E006A92D5 /* ARKIT-tryTests */ = {
			isa = PBXGroup;
			children = (
				CEC72A392B2FD24E006A92D5 /* ARKIT_tryTests.swift */,
			);
			path = "ARKIT-tryTests";
			sourceTree = "<group>";
		};
		CEC72A422B2FD24E006A92D5 /* ARKIT-tryUITests */ = {
			isa = PBXGroup;
			children = (
				CEC72A432B2FD24E006A92D5 /* ARKIT_tryUITests.swift */,
				CEC72A452B2FD24E006A92D5 /* ARKIT_tryUITestsLaunchTests.swift */,
			);
			path = "ARKIT-tryUITests";
			sourceTree = "<group>";
		};
/* End PBXGroup section */

/* Begin PBXNativeTarget section */
		CEC72A1E2B2FD24D006A92D5 /* ARKIT-try */ = {
			isa = PBXNativeTarget;
			buildConfigurationList = CEC72A492B2FD24E006A92D5 /* Build configuration list for PBXNativeTarget "ARKIT-try" */;
			buildPhases = (
				CEC72A1B2B2FD24D006A92D5 /* Sources */,
				CEC72A1C2B2FD24D006A92D5 /* Frameworks */,
				CEC72A1D2B2FD24D006A92D5 /* Resources */,
			);
			buildRules = (
			);
			dependencies = (
			);
			name = "ARKIT-try";
			productName = "ARKIT-try";
			productReference = CEC72A1F2B2FD24D006A92D5 /* ARKIT-try.app */;
			productType = "com.apple.product-type.application";
		};
		CEC72A342B2FD24E006A92D5 /* ARKIT-tryTests */ = {
			isa = PBXNativeTarget;
			buildConfigurationList = CEC72A4C2B2FD24E006A92D5 /* Build configuration list for PBXNativeTarget "ARKIT-tryTests" */;
			buildPhases = (
				CEC72A312B2FD24E006A92D5 /* Sources */,
				CEC72A322B2FD24E006A92D5 /* Frameworks */,
				CEC72A332B2FD24E006A92D5 /* Resources */,
			);
			buildRules = (
			);
			dependencies = (
				CEC72A372B2FD24E006A92D5 /* PBXTargetDependency */,
			);
			name = "ARKIT-tryTests";
			productName = "ARKIT-tryTests";
			productReference = CEC72A352B2FD24E006A92D5 /* ARKIT-tryTests.xctest */;
			productType = "com.apple.product-type.bundle.unit-test";
		};
		CEC72A3E2B2FD24E006A92D5 /* ARKIT-tryUITests */ = {
			isa = PBXNativeTarget;
			buildConfigurationList = CEC72A4F2B2FD24E006A92D5 /* Build configuration list for PBXNativeTarget "ARKIT-tryUITests" */;
			buildPhases = (
				CEC72A3B2B2FD24E006A92D5 /* Sources */,
				CEC72A3C2B2FD24E006A92D5 /* Frameworks */,
				CEC72A3D2B2FD24E006A92D5 /* Resources */,
			);
			buildRules = (
			);
			dependencies = (
				CEC72A412B2FD24E006A92D5 /* PBXTargetDependency */,
			);
			name = "ARKIT-tryUITests";
			productName = "ARKIT-tryUITests";
			productReference = CEC72A3F2B2FD24E006A92D5 /* ARKIT-tryUITests.xctest */;
			productType = "com.apple.product-type.bundle.ui-testing";
		};
/* End PBXNativeTarget section */

/* Begin PBXProject section */
		CEC72A172B2FD24D006A92D5 /* Project object */ = {
			isa = PBXProject;
			attributes = {
				BuildIndependentTargetsInParallel = 1;
				LastSwiftUpdateCheck = 1500;
				LastUpgradeCheck = 1500;
				TargetAttributes = {
					CEC72A1E2B2FD24D006A92D5 = {
						CreatedOnToolsVersion = 15.0.1;
					};
					CEC72A342B2FD24E006A92D5 = {
						CreatedOnToolsVersion = 15.0.1;
						TestTargetID = CEC72A1E2B2FD24D006A92D5;
					};
					CEC72A3E2B2FD24E006A92D5 = {
						CreatedOnToolsVersion = 15.0.1;
						TestTargetID = CEC72A1E2B2FD24D006A92D5;
					};
				};
			};
			buildConfigurationList = CEC72A1A2B2FD24D006A92D5 /* Build configuration list for PBXProject "ARKIT-try" */;
			compatibilityVersion = "Xcode 14.0";
			developmentRegion = en;
			hasScannedForEncodings = 0;
			knownRegions = (
				en,
				Base,
			);
			mainGroup = CEC72A162B2FD24D006A92D5;
			productRefGroup = CEC72A202B2FD24D006A92D5 /* Products */;
			projectDirPath = "";
			projectRoot = "";
			targets = (
				CEC72A1E2B2FD24D006A92D5 /* ARKIT-try */,
				CEC72A342B2FD24E006A92D5 /* ARKIT-tryTests */,
				CEC72A3E2B2FD24E006A92D5 /* ARKIT-tryUITests */,
			);
		};
/* End PBXProject section */

/* Begin PBXResourcesBuildPhase section */
		CEC72A1D2B2FD24D006A92D5 /* Resources */ = {
			isa = PBXResourcesBuildPhase;
			buildActionMask = 2147483647;
			files = (
				CEC72A2F2B2FD24E006A92D5 /* Assets.xcassets in Resources */,
				CEC72A2D2B2FD24D006A92D5 /* Main.storyboard in Resources */,
			);
			runOnlyForDeploymentPostprocessing = 0;
		};
		CEC72A332B2FD24E006A92D5 /* Resources */ = {
			isa = PBXResourcesBuildPhase;
			buildActionMask = 2147483647;
			files = (
			);
			runOnlyForDeploymentPostprocessing = 0;
		};
		CEC72A3D2B2FD24E006A92D5 /* Resources */ = {
			isa = PBXResourcesBuildPhase;
			buildActionMask = 2147483647;
			files = (
			);
			runOnlyForDeploymentPostprocessing = 0;
		};
/* End PBXResourcesBuildPhase section */

/* Begin PBXSourcesBuildPhase section */
		CEC72A1B2B2FD24D006A92D5 /* Sources */ = {
			isa = PBXSourcesBuildPhase;
			buildActionMask = 2147483647;
			files = (
				CEC72A252B2FD24D006A92D5 /* Shaders.metal in Sources */,
				CEC72A282B2FD24D006A92D5 /* Renderer.swift in Sources */,
				CEC72A2A2B2FD24D006A92D5 /* ViewController.swift in Sources */,
				CEC72A232B2FD24D006A92D5 /* AppDelegate.swift in Sources */,
			);
			runOnlyForDeploymentPostprocessing = 0;
		};
		CEC72A312B2FD24E006A92D5 /* Sources */ = {
			isa = PBXSourcesBuildPhase;
			buildActionMask = 2147483647;
			files = (
				CEC72A3A2B2FD24E006A92D5 /* ARKIT_tryTests.swift in Sources */,
			);
			runOnlyForDeploymentPostprocessing = 0;
		};
		CEC72A3B2B2FD24E006A92D5 /* Sources */ = {
			isa = PBXSourcesBuildPhase;
			buildActionMask = 2147483647;
			files = (
				CEC72A462B2FD24E006A92D5 /* ARKIT_tryUITestsLaunchTests.swift in Sources */,
				CEC72A442B2FD24E006A92D5 /* ARKIT_tryUITests.swift in Sources */,
			);
			runOnlyForDeploymentPostprocessing = 0;
		};
/* End PBXSourcesBuildPhase section */

/* Begin PBXTargetDependency section */
		CEC72A372B2FD24E006A92D5 /* PBXTargetDependency */ = {
			isa = PBXTargetDependency;
			target = CEC72A1E2B2FD24D006A92D5 /* ARKIT-try */;
			targetProxy = CEC72A362B2FD24E006A92D5 /* PBXContainerItemProxy */;
		};
		CEC72A412B2FD24E006A92D5 /* PBXTargetDependency */ = {
			isa = PBXTargetDependency;
			target = CEC72A1E2B2FD24D006A92D5 /* ARKIT-try */;
			targetProxy = CEC72A402B2FD24E006A92D5 /* PBXContainerItemProxy */;
		};
/* End PBXTargetDependency section */

/* Begin PBXVariantGroup section */
		CEC72A2B2B2FD24D006A92D5 /* Main.storyboard */ = {
			isa = PBXVariantGroup;
			children = (
				CEC72A2C2B2FD24D006A92D5 /* Base */,
			);
			name = Main.storyboard;
			sourceTree = "<group>";
		};
/* End PBXVariantGroup section */

/* Begin XCBuildConfiguration section */
		CEC72A472B2FD24E006A92D5 /* Debug */ = {
			isa = XCBuildConfiguration;
			buildSettings = {
				ALWAYS_SEARCH_USER_PATHS = NO;
				ASSETCATALOG_COMPILER_GENERATE_SWIFT_ASSET_SYMBOL_EXTENSIONS = YES;
				CLANG_ANALYZER_NONNULL = YES;
				CLANG_ANALYZER_NUMBER_OBJECT_CONVERSION = YES_AGGRESSIVE;
				CLANG_CXX_LANGUAGE_STANDARD = "gnu++20";
				CLANG_ENABLE_MODULES = YES;
				CLANG_ENABLE_OBJC_ARC = YES;
				CLANG_ENABLE_OBJC_WEAK = YES;
				CLANG_WARN_BLOCK_CAPTURE_AUTORELEASING = YES;
				CLANG_WARN_BOOL_CONVERSION = YES;
				CLANG_WARN_COMMA = YES;
				CLANG_WARN_CONSTANT_CONVERSION = YES;
				CLANG_WARN_DEPRECATED_OBJC_IMPLEMENTATIONS = YES;
				CLANG_WARN_DIRECT_OBJC_ISA_USAGE = YES_ERROR;
				CLANG_WARN_DOCUMENTATION_COMMENTS = YES;
				CLANG_WARN_EMPTY_BODY = YES;
				CLANG_WARN_ENUM_CONVERSION = YES;
				CLANG_WARN_INFINITE_RECURSION = YES;
				CLANG_WARN_INT_CONVERSION = YES;
				CLANG_WARN_NON_LITERAL_NULL_CONVERSION = YES;
				CLANG_WARN_OBJC_IMPLICIT_RETAIN_SELF = YES;
				CLANG_WARN_OBJC_LITERAL_CONVERSION = YES;
				CLANG_WARN_OBJC_ROOT_CLASS = YES_ERROR;
				CLANG_WARN_QUOTED_INCLUDE_IN_FRAMEWORK_HEADER = YES;
				CLANG_WARN_RANGE_LOOP_ANALYSIS = YES;
				CLANG_WARN_STRICT_PROTOTYPES = YES;
				CLANG_WARN_SUSPICIOUS_MOVE = YES;
				CLANG_WARN_UNGUARDED_AVAILABILITY = YES_AGGRESSIVE;
				CLANG_WARN_UNREACHABLE_CODE = YES;
				CLANG_WARN__DUPLICATE_METHOD_MATCH = YES;
				COPY_PHASE_STRIP = NO;
				DEBUG_INFORMATION_FORMAT = dwarf;
				ENABLE_STRICT_OBJC_MSGSEND = YES;
				ENABLE_TESTABILITY = YES;
				ENABLE_USER_SCRIPT_SANDBOXING = YES;
				GCC_C_LANGUAGE_STANDARD = gnu17;
				GCC_DYNAMIC_NO_PIC = NO;
				GCC_NO_COMMON_BLOCKS = YES;
				GCC_OPTIMIZATION_LEVEL = 0;
				GCC_PREPROCESSOR_DEFINITIONS = (
					"DEBUG=1",
					"$(inherited)",
				);
				GCC_WARN_64_TO_32_BIT_CONVERSION = YES;
				GCC_WARN_ABOUT_RETURN_TYPE = YES_ERROR;
				GCC_WARN_UNDECLARED_SELECTOR = YES;
				GCC_WARN_UNINITIALIZED_AUTOS = YES_AGGRESSIVE;
				GCC_WARN_UNUSED_FUNCTION = YES;
				GCC_WARN_UNUSED_VARIABLE = YES;
				IPHONEOS_DEPLOYMENT_TARGET = 17.0;
				LOCALIZATION_PREFERS_STRING_CATALOGS = YES;
				MTL_ENABLE_DEBUG_INFO = INCLUDE_SOURCE;
				MTL_FAST_MATH = YES;
				ONLY_ACTIVE_ARCH = YES;
				SDKROOT = iphoneos;
				SWIFT_ACTIVE_COMPILATION_CONDITIONS = "DEBUG $(inherited)";
				SWIFT_OPTIMIZATION_LEVEL = "-Onone";
			};
			name = Debug;
		};
		CEC72A482B2FD24E006A92D5 /* Release */ = {
			isa = XCBuildConfiguration;
			buildSettings = {
				ALWAYS_SEARCH_USER_PATHS = NO;
				ASSETCATALOG_COMPILER_GENERATE_SWIFT_ASSET_SYMBOL_EXTENSIONS = YES;
				CLANG_ANALYZER_NONNULL = YES;
				CLANG_ANALYZER_NUMBER_OBJECT_CONVERSION = YES_AGGRESSIVE;
				CLANG_CXX_LANGUAGE_STANDARD = "gnu++20";
				CLANG_ENABLE_MODULES = YES;
				CLANG_ENABLE_OBJC_ARC = YES;
				CLANG_ENABLE_OBJC_WEAK = YES;
				CLANG_WARN_BLOCK_CAPTURE_AUTORELEASING = YES;
				CLANG_WARN_BOOL_CONVERSION = YES;
				CLANG_WARN_COMMA = YES;
				CLANG_WARN_CONSTANT_CONVERSION = YES;
				CLANG_WARN_DEPRECATED_OBJC_IMPLEMENTATIONS = YES;
				CLANG_WARN_DIRECT_OBJC_ISA_USAGE = YES_ERROR;
				CLANG_WARN_DOCUMENTATION_COMMENTS = YES;
				CLANG_WARN_EMPTY_BODY = YES;
				CLANG_WARN_ENUM_CONVERSION = YES;
				CLANG_WARN_INFINITE_RECURSION = YES;
				CLANG_WARN_INT_CONVERSION = YES;
				CLANG_WARN_NON_LITERAL_NULL_CONVERSION = YES;
				CLANG_WARN_OBJC_IMPLICIT_RETAIN_SELF = YES;
				CLANG_WARN_OBJC_LITERAL_CONVERSION = YES;
				CLANG_WARN_OBJC_ROOT_CLASS = YES_ERROR;
				CLANG_WARN_QUOTED_INCLUDE_IN_FRAMEWORK_HEADER = YES;
				CLANG_WARN_RANGE_LOOP_ANALYSIS = YES;
				CLANG_WARN_STRICT_PROTOTYPES = YES;
				CLANG_WARN_SUSPICIOUS_MOVE = YES;
				CLANG_WARN_UNGUARDED_AVAILABILITY = YES_AGGRESSIVE;
				CLANG_WARN_UNREACHABLE_CODE = YES;
				CLANG_WARN__DUPLICATE_METHOD_MATCH = YES;
				COPY_PHASE_STRIP = NO;
				DEBUG_INFORMATION_FORMAT = "dwarf-with-dsym";
				ENABLE_NS_ASSERTIONS = NO;
				ENABLE_STRICT_OBJC_MSGSEND = YES;
				ENABLE_USER_SCRIPT_SANDBOXING = YES;
				GCC_C_LANGUAGE_STANDARD = gnu17;
				GCC_NO_COMMON_BLOCKS = YES;
				GCC_WARN_64_TO_32_BIT_CONVERSION = YES;
				GCC_WARN_ABOUT_RETURN_TYPE = YES_ERROR;
				GCC_WARN_UNDECLARED_SELECTOR = YES;
				GCC_WARN_UNINITIALIZED_AUTOS = YES_AGGRESSIVE;
				GCC_WARN_UNUSED_FUNCTION = YES;
				GCC_WARN_UNUSED_VARIABLE = YES;
				IPHONEOS_DEPLOYMENT_TARGET = 17.0;
				LOCALIZATION_PREFERS_STRING_CATALOGS = YES;
				MTL_ENABLE_DEBUG_INFO = NO;
				MTL_FAST_MATH = YES;
				SDKROOT = iphoneos;
				SWIFT_COMPILATION_MODE = wholemodule;
				VALIDATE_PRODUCT = YES;
			};
			name = Release;
		};
		CEC72A4A2B2FD24E006A92D5 /* Debug */ = {
			isa = XCBuildConfiguration;
			buildSettings = {
				ASSETCATALOG_COMPILER_APPICON_NAME = AppIcon;
				ASSETCATALOG_COMPILER_GLOBAL_ACCENT_COLOR_NAME = AccentColor;
				CODE_SIGN_STYLE = Automatic;
				CURRENT_PROJECT_VERSION = 1;
				DEVELOPMENT_TEAM = XVZ2LPCAL2;
				GENERATE_INFOPLIST_FILE = YES;
				INFOPLIST_KEY_NSCameraUsageDescription = "";
				INFOPLIST_KEY_UIApplicationSupportsIndirectInputEvents = YES;
				INFOPLIST_KEY_UIMainStoryboardFile = Main;
				INFOPLIST_KEY_UIRequiredDeviceCapabilities = "arkit metal";
				INFOPLIST_KEY_UIRequiresFullScreen = YES;
				INFOPLIST_KEY_UIStatusBarHidden = YES;
				INFOPLIST_KEY_UISupportedInterfaceOrientations = UIInterfaceOrientationLandscapeRight;
				INFOPLIST_KEY_UISupportedInterfaceOrientations_iPad = UIInterfaceOrientationLandscapeRight;
				INFOPLIST_KEY_UISupportedInterfaceOrientations_iPhone = UIInterfaceOrientationLandscapeRight;
				LD_RUNPATH_SEARCH_PATHS = (
					"$(inherited)",
					"@executable_path/Frameworks",
				);
				MARKETING_VERSION = 1.0;
				PRODUCT_BUNDLE_IDENTIFIER = "test.ARKIT-try";
				PRODUCT_NAME = "$(TARGET_NAME)";
				SWIFT_EMIT_LOC_STRINGS = YES;
				SWIFT_OBJC_BRIDGING_HEADER = "ARKIT-try/ARKIT_try-Bridging-Header.h";
				SWIFT_VERSION = 5.0;
				TARGETED_DEVICE_FAMILY = "1,2";
			};
			name = Debug;
		};
		CEC72A4B2B2FD24E006A92D5 /* Release */ = {
			isa = XCBuildConfiguration;
			buildSettings = {
				ASSETCATALOG_COMPILER_APPICON_NAME = AppIcon;
				ASSETCATALOG_COMPILER_GLOBAL_ACCENT_COLOR_NAME = AccentColor;
				CODE_SIGN_STYLE = Automatic;
				CURRENT_PROJECT_VERSION = 1;
				DEVELOPMENT_TEAM = XVZ2LPCAL2;
				GENERATE_INFOPLIST_FILE = YES;
				INFOPLIST_KEY_NSCameraUsageDescription = "";
				INFOPLIST_KEY_UIApplicationSupportsIndirectInputEvents = YES;
				INFOPLIST_KEY_UIMainStoryboardFile = Main;
				INFOPLIST_KEY_UIRequiredDeviceCapabilities = "arkit metal";
				INFOPLIST_KEY_UIRequiresFullScreen = YES;
				INFOPLIST_KEY_UIStatusBarHidden = YES;
				INFOPLIST_KEY_UISupportedInterfaceOrientations = UIInterfaceOrientationLandscapeRight;
				INFOPLIST_KEY_UISupportedInterfaceOrientations_iPad = UIInterfaceOrientationLandscapeRight;
				INFOPLIST_KEY_UISupportedInterfaceOrientations_iPhone = UIInterfaceOrientationLandscapeRight;
				LD_RUNPATH_SEARCH_PATHS = (
					"$(inherited)",
					"@executable_path/Frameworks",
				);
				MARKETING_VERSION = 1.0;
				PRODUCT_BUNDLE_IDENTIFIER = "test.ARKIT-try";
				PRODUCT_NAME = "$(TARGET_NAME)";
				SWIFT_EMIT_LOC_STRINGS = YES;
				SWIFT_OBJC_BRIDGING_HEADER = "ARKIT-try/ARKIT_try-Bridging-Header.h";
				SWIFT_VERSION = 5.0;
				TARGETED_DEVICE_FAMILY = "1,2";
			};
			name = Release;
		};
		CEC72A4D2B2FD24E006A92D5 /* Debug */ = {
			isa = XCBuildConfiguration;
			buildSettings = {
				ALWAYS_EMBED_SWIFT_STANDARD_LIBRARIES = YES;
				BUNDLE_LOADER = "$(TEST_HOST)";
				CODE_SIGN_STYLE = Automatic;
				CURRENT_PROJECT_VERSION = 1;
				GENERATE_INFOPLIST_FILE = YES;
				IPHONEOS_DEPLOYMENT_TARGET = 17.0;
				MARKETING_VERSION = 1.0;
				PRODUCT_BUNDLE_IDENTIFIER = "test.ARKIT-tryTests";
				PRODUCT_NAME = "$(TARGET_NAME)";
				SWIFT_EMIT_LOC_STRINGS = NO;
				SWIFT_VERSION = 5.0;
				TARGETED_DEVICE_FAMILY = "1,2";
				TEST_HOST = "$(BUILT_PRODUCTS_DIR)/ARKIT-try.app/$(BUNDLE_EXECUTABLE_FOLDER_PATH)/ARKIT-try";
			};
			name = Debug;
		};
		CEC72A4E2B2FD24E006A92D5 /* Release */ = {
			isa = XCBuildConfiguration;
			buildSettings = {
				ALWAYS_EMBED_SWIFT_STANDARD_LIBRARIES = YES;
				BUNDLE_LOADER = "$(TEST_HOST)";
				CODE_SIGN_STYLE = Automatic;
				CURRENT_PROJECT_VERSION = 1;
				GENERATE_INFOPLIST_FILE = YES;
				IPHONEOS_DEPLOYMENT_TARGET = 17.0;
				MARKETING_VERSION = 1.0;
				PRODUCT_BUNDLE_IDENTIFIER = "test.ARKIT-tryTests";
				PRODUCT_NAME = "$(TARGET_NAME)";
				SWIFT_EMIT_LOC_STRINGS = NO;
				SWIFT_VERSION = 5.0;
				TARGETED_DEVICE_FAMILY = "1,2";
				TEST_HOST = "$(BUILT_PRODUCTS_DIR)/ARKIT-try.app/$(BUNDLE_EXECUTABLE_FOLDER_PATH)/ARKIT-try";
			};
			name = Release;
		};
		CEC72A502B2FD24E006A92D5 /* Debug */ = {
			isa = XCBuildConfiguration;
			buildSettings = {
				ALWAYS_EMBED_SWIFT_STANDARD_LIBRARIES = YES;
				CODE_SIGN_STYLE = Automatic;
				CURRENT_PROJECT_VERSION = 1;
				GENERATE_INFOPLIST_FILE = YES;
				MARKETING_VERSION = 1.0;
				PRODUCT_BUNDLE_IDENTIFIER = "test.ARKIT-tryUITests";
				PRODUCT_NAME = "$(TARGET_NAME)";
				SWIFT_EMIT_LOC_STRINGS = NO;
				SWIFT_VERSION = 5.0;
				TARGETED_DEVICE_FAMILY = "1,2";
				TEST_TARGET_NAME = "ARKIT-try";
			};
			name = Debug;
		};
		CEC72A512B2FD24E006A92D5 /* Release */ = {
			isa = XCBuildConfiguration;
			buildSettings = {
				ALWAYS_EMBED_SWIFT_STANDARD_LIBRARIES = YES;
				CODE_SIGN_STYLE = Automatic;
				CURRENT_PROJECT_VERSION = 1;
				GENERATE_INFOPLIST_FILE = YES;
				MARKETING_VERSION = 1.0;
				PRODUCT_BUNDLE_IDENTIFIER = "test.ARKIT-tryUITests";
				PRODUCT_NAME = "$(TARGET_NAME)";
				SWIFT_EMIT_LOC_STRINGS = NO;
				SWIFT_VERSION = 5.0;
				TARGETED_DEVICE_FAMILY = "1,2";
				TEST_TARGET_NAME = "ARKIT-try";
			};
			name = Release;
		};
/* End XCBuildConfiguration section */

/* Begin XCConfigurationList section */
		CEC72A1A2B2FD24D006A92D5 /* Build configuration list for PBXProject "ARKIT-try" */ = {
			isa = XCConfigurationList;
			buildConfigurations = (
				CEC72A472B2FD24E006A92D5 /* Debug */,
				CEC72A482B2FD24E006A92D5 /* Release */,
			);
			defaultConfigurationIsVisible = 0;
			defaultConfigurationName = Release;
		};
		CEC72A492B2FD24E006A92D5 /* Build configuration list for PBXNativeTarget "ARKIT-try" */ = {
			isa = XCConfigurationList;
			buildConfigurations = (
				CEC72A4A2B2FD24E006A92D5 /* Debug */,
				CEC72A4B2B2FD24E006A92D5 /* Release */,
			);
			defaultConfigurationIsVisible = 0;
			defaultConfigurationName = Release;
		};
		CEC72A4C2B2FD24E006A92D5 /* Build configuration list for PBXNativeTarget "ARKIT-tryTests" */ = {
			isa = XCConfigurationList;
			buildConfigurations = (
				CEC72A4D2B2FD24E006A92D5 /* Debug */,
				CEC72A4E2B2FD24E006A92D5 /* Release */,
			);
			defaultConfigurationIsVisible = 0;
			defaultConfigurationName = Release;
		};
		CEC72A4F2B2FD24E006A92D5 /* Build configuration list for PBXNativeTarget "ARKIT-tryUITests" */ = {
			isa = XCConfigurationList;
			buildConfigurations = (
				CEC72A502B2FD24E006A92D5 /* Debug */,
				CEC72A512B2FD24E006A92D5 /* Release */,
			);
			defaultConfigurationIsVisible = 0;
			defaultConfigurationName = Release;
		};
/* End XCConfigurationList section */
	};
	rootObject = CEC72A172B2FD24D006A92D5 /* Project object */;
}
